// !$*UTF8*$!
{
	archiveVersion = 1;
	classes = {
	};
	objectVersion = 50;
	objects = {

/* Begin PBXBuildFile section */
		2F09853622070FE00075A5DB /* Extractor.swift in Sources */ = {isa = PBXBuildFile; fileRef = 8855BA4E20A06491009646CC /* Extractor.swift */; };
		2F09853722070FE00075A5DB /* PlayGroundManager.swift in Sources */ = {isa = PBXBuildFile; fileRef = 8855BA4520A06491009646CC /* PlayGroundManager.swift */; };
		2F09853B2207102D0075A5DB /* BookProgramProjectDice.swift in Sources */ = {isa = PBXBuildFile; fileRef = 8855BA8420A064C4009646CC /* BookProgramProjectDice.swift */; };
		2F09853C2207102D0075A5DB /* BookProgramProjectRockPaperScissors.swift in Sources */ = {isa = PBXBuildFile; fileRef = 8855BA8620A064C4009646CC /* BookProgramProjectRockPaperScissors.swift */; };
		2F09853D2207102D0075A5DB /* BookProgramProjectPiano.swift in Sources */ = {isa = PBXBuildFile; fileRef = 8855BA8520A064C4009646CC /* BookProgramProjectPiano.swift */; };
		2F09853E2207102D0075A5DB /* BookProgramProjectClap.swift in Sources */ = {isa = PBXBuildFile; fileRef = 8855BA8320A064C4009646CC /* BookProgramProjectClap.swift */; };
		2F09853F2207102D0075A5DB /* BookProgramProjectTheremin.swift in Sources */ = {isa = PBXBuildFile; fileRef = 8855BA8720A064C4009646CC /* BookProgramProjectTheremin.swift */; };
		2F0985402207102D0075A5DB /* BookProgramProjectThermometer.swift in Sources */ = {isa = PBXBuildFile; fileRef = 8855BA8820A064C4009646CC /* BookProgramProjectThermometer.swift */; };
		2F098541220710300075A5DB /* BookProgramCommandStart.swift in Sources */ = {isa = PBXBuildFile; fileRef = 8855BA7420A064C4009646CC /* BookProgramCommandStart.swift */; };
		2F098542220710300075A5DB /* BookProgramCommandSleep.swift in Sources */ = {isa = PBXBuildFile; fileRef = 8855BA7320A064C4009646CC /* BookProgramCommandSleep.swift */; };
		2F098543220710300075A5DB /* BookProgramCommandClear.swift in Sources */ = {isa = PBXBuildFile; fileRef = 8855BA6D20A064C4009646CC /* BookProgramCommandClear.swift */; };
		2F098544220710300075A5DB /* BookProgramCommandForever.swift in Sources */ = {isa = PBXBuildFile; fileRef = 8855BA7020A064C4009646CC /* BookProgramCommandForever.swift */; };
		2F098545220710300075A5DB /* BookProgramCommandVariables.swift in Sources */ = {isa = PBXBuildFile; fileRef = 8855BA7520A064C4009646CC /* BookProgramCommandVariables.swift */; };
		2F098546220710300075A5DB /* BookProgramCommandLoops.swift in Sources */ = {isa = PBXBuildFile; fileRef = 8855BA7120A064C4009646CC /* BookProgramCommandLoops.swift */; };
		2F098547220710300075A5DB /* BookProgramCommandRandom.swift in Sources */ = {isa = PBXBuildFile; fileRef = 8855BA7220A064C4009646CC /* BookProgramCommandRandom.swift */; };
		2F098548220710300075A5DB /* BookProgramCommandConditionals.swift in Sources */ = {isa = PBXBuildFile; fileRef = 8855BA6F20A064C4009646CC /* BookProgramCommandConditionals.swift */; };
		2F098549220710300075A5DB /* BookProgramCommandCombination.swift in Sources */ = {isa = PBXBuildFile; fileRef = 8855BA6E20A064C4009646CC /* BookProgramCommandCombination.swift */; };
		2F09854A220710330075A5DB /* BookProgramInputButtonA.swift in Sources */ = {isa = PBXBuildFile; fileRef = 8855BA7620A064C4009646CC /* BookProgramInputButtonA.swift */; };
		2F09854B220710330075A5DB /* BookProgramInputButtonB.swift in Sources */ = {isa = PBXBuildFile; fileRef = 8855BA7820A064C4009646CC /* BookProgramInputButtonB.swift */; };
		2F09854C220710330075A5DB /* BookProgramInputButtonAB.swift in Sources */ = {isa = PBXBuildFile; fileRef = 8855BA7720A064C4009646CC /* BookProgramInputButtonAB.swift */; };
		2F09854D220710330075A5DB /* BookProgramInputPin.swift in Sources */ = {isa = PBXBuildFile; fileRef = 8855BA7A20A064C4009646CC /* BookProgramInputPin.swift */; };
		2F09854E220710330075A5DB /* BookProgramInputShake.swift in Sources */ = {isa = PBXBuildFile; fileRef = 8855BA7B20A064C4009646CC /* BookProgramInputShake.swift */; };
		2F09854F220710330075A5DB /* BookProgramInputCombination.swift in Sources */ = {isa = PBXBuildFile; fileRef = 8855BA7920A064C4009646CC /* BookProgramInputCombination.swift */; };
		2F098550220710370075A5DB /* BookProgramOutputString.swift in Sources */ = {isa = PBXBuildFile; fileRef = 8855BA8220A064C4009646CC /* BookProgramOutputString.swift */; };
		2F098551220710370075A5DB /* BookProgramOutputNumber.swift in Sources */ = {isa = PBXBuildFile; fileRef = 8855BA7F20A064C4009646CC /* BookProgramOutputNumber.swift */; };
		2F098552220710370075A5DB /* BookProgramOutputImage.swift in Sources */ = {isa = PBXBuildFile; fileRef = 8855BA7E20A064C4009646CC /* BookProgramOutputImage.swift */; };
		2F098553220710370075A5DB /* BookProgramOutputGrid.swift in Sources */ = {isa = PBXBuildFile; fileRef = 8855BA7D20A064C4009646CC /* BookProgramOutputGrid.swift */; };
		2F098554220710370075A5DB /* BookProgramOutputRGB.swift in Sources */ = {isa = PBXBuildFile; fileRef = 8855BA8020A064C4009646CC /* BookProgramOutputRGB.swift */; };
		2F098555220710370075A5DB /* BookProgramOutputSound.swift in Sources */ = {isa = PBXBuildFile; fileRef = 8855BA8120A064C4009646CC /* BookProgramOutputSound.swift */; };
		2F098556220710370075A5DB /* BookProgramOutputCombination.swift in Sources */ = {isa = PBXBuildFile; fileRef = 8855BA7C20A064C4009646CC /* BookProgramOutputCombination.swift */; };
		2F0985572207103A0075A5DB /* ProgramBlink.swift in Sources */ = {isa = PBXBuildFile; fileRef = 8855BA8B20A064C4009646CC /* ProgramBlink.swift */; };
		2F0985582207103A0075A5DB /* ProgramNotifyPing.swift in Sources */ = {isa = PBXBuildFile; fileRef = 8855BA8D20A064C4009646CC /* ProgramNotifyPing.swift */; };
		2F0985592207103D0075A5DB /* ProgramBuilder.swift in Sources */ = {isa = PBXBuildFile; fileRef = 8855BA8C20A064C4009646CC /* ProgramBuilder.swift */; };
		2F09855A2207103D0075A5DB /* ProgramBaseInstructions.swift in Sources */ = {isa = PBXBuildFile; fileRef = 8855BA8A20A064C4009646CC /* ProgramBaseInstructions.swift */; };
		2F09855B2207103D0075A5DB /* ProgramBase.swift in Sources */ = {isa = PBXBuildFile; fileRef = 8855BA8920A064C4009646CC /* ProgramBase.swift */; };
		2F09855D220711550075A5DB /* DataTypes.swift in Sources */ = {isa = PBXBuildFile; fileRef = 2F09855C220711550075A5DB /* DataTypes.swift */; };
		2F098561220718310075A5DB /* Runtime.swift in Sources */ = {isa = PBXBuildFile; fileRef = 2F098560220718310075A5DB /* Runtime.swift */; };
		2F157B2221BBE96400E6EB68 /* CalliopeBLEDiscovery.swift in Sources */ = {isa = PBXBuildFile; fileRef = 2F157B2121BBE96400E6EB68 /* CalliopeBLEDiscovery.swift */; };
		2F157B2421BBED9B00E6EB68 /* CalliopeBLEDiscoveryTest.swift in Sources */ = {isa = PBXBuildFile; fileRef = 2F157B2321BBED9B00E6EB68 /* CalliopeBLEDiscoveryTest.swift */; };
		2F157B2621BC41A600E6EB68 /* CalliopeBLEDevice.swift in Sources */ = {isa = PBXBuildFile; fileRef = 2F157B2521BC41A600E6EB68 /* CalliopeBLEDevice.swift */; };
		2F1C9A9F220F3A8800E05DD1 /* TeachingApiImplementation.swift in Sources */ = {isa = PBXBuildFile; fileRef = 2F1C9A9E220F3A8800E05DD1 /* TeachingApiImplementation.swift */; };
		2F27131121FC8B80007A1584 /* DataExtensionTest.swift in Sources */ = {isa = PBXBuildFile; fileRef = 2F27131021FC8B80007A1584 /* DataExtensionTest.swift */; };
		2F3874B421CFD0010011A85A /* ConnectionButton.swift in Sources */ = {isa = PBXBuildFile; fileRef = 2F44603E21CEA403002D15DF /* ConnectionButton.swift */; };
		2F3874B621CFD07F0011A85A /* CollapseButton.swift in Sources */ = {isa = PBXBuildFile; fileRef = 2F3874B521CFD07F0011A85A /* CollapseButton.swift */; };
		2F5A210A2205BE64005E9248 /* PlaygroundValueKeys.swift in Sources */ = {isa = PBXBuildFile; fileRef = 2F5A21092205BE64005E9248 /* PlaygroundValueKeys.swift */; };
		2F666BFA222149BE00533040 /* ApiCallEncodings.swift in Sources */ = {isa = PBXBuildFile; fileRef = 2F666BF9222149BE00533040 /* ApiCallEncodings.swift */; };
		2F666BFC22214B0F00533040 /* BluetoothConstants.swift in Sources */ = {isa = PBXBuildFile; fileRef = 2F666BFB22214B0F00533040 /* BluetoothConstants.swift */; };
		2F666BFF22216F1E00533040 /* LayoutHelper.swift in Sources */ = {isa = PBXBuildFile; fileRef = 2F666BFE22216F1E00533040 /* LayoutHelper.swift */; };
		2F666C022221786900533040 /* ProgrammableCalliopeBLEDevice.swift in Sources */ = {isa = PBXBuildFile; fileRef = 2F666C012221786900533040 /* ProgrammableCalliopeBLEDevice.swift */; };
		2F666C04222179BE00533040 /* ClientCalliopeBLEDevice.swift in Sources */ = {isa = PBXBuildFile; fileRef = 2F666C03222179BE00533040 /* ClientCalliopeBLEDevice.swift */; };
		2F666C0622217B1000533040 /* CalliopeBLEProfile.swift in Sources */ = {isa = PBXBuildFile; fileRef = 2F666C0522217B1000533040 /* CalliopeBLEProfile.swift */; };
		2F9FAA3421FE43FE0076B737 /* ActivityView.swift in Sources */ = {isa = PBXBuildFile; fileRef = 8855BA3C20A06490009646CC /* ActivityView.swift */; };
		2F9FAA3521FE43FE0076B737 /* Async.swift in Sources */ = {isa = PBXBuildFile; fileRef = 8855BA3920A06490009646CC /* Async.swift */; };
		2F9FAA3621FE43FE0076B737 /* DebugConstants.swift in Sources */ = {isa = PBXBuildFile; fileRef = 8855BA4320A06491009646CC /* DebugConstants.swift */; };
		2F9FAA3721FE43FE0076B737 /* DashBoardViewController.swift in Sources */ = {isa = PBXBuildFile; fileRef = 8855BA4A20A06491009646CC /* DashBoardViewController.swift */; };
		2F9FAA3821FE43FE0076B737 /* Extension_CGRect.swift in Sources */ = {isa = PBXBuildFile; fileRef = 8855BA4020A06490009646CC /* Extension_CGRect.swift */; };
		2F9FAA3921FE43FE0076B737 /* Extension_NotificationCenter.swift in Sources */ = {isa = PBXBuildFile; fileRef = 8855BA4920A06491009646CC /* Extension_NotificationCenter.swift */; };
		2F9FAA3A21FE43FE0076B737 /* Extension_String.swift in Sources */ = {isa = PBXBuildFile; fileRef = 8855BA4B20A06491009646CC /* Extension_String.swift */; };
		2F9FAA3B21FE43FE0076B737 /* Extension_UIColor.swift in Sources */ = {isa = PBXBuildFile; fileRef = 8855BA3D20A06490009646CC /* Extension_UIColor.swift */; };
		2F9FAA3C21FE43FE0076B737 /* Extension_UILayoutPriority.swift in Sources */ = {isa = PBXBuildFile; fileRef = 8855BA4D20A06491009646CC /* Extension_UILayoutPriority.swift */; };
		2F9FAA3E21FE43FE0076B737 /* Matrix.swift in Sources */ = {isa = PBXBuildFile; fileRef = 8855BA3A20A06490009646CC /* Matrix.swift */; };
		2F9FAA3F21FE43FE0076B737 /* Swoosh.swift in Sources */ = {isa = PBXBuildFile; fileRef = 8855BA3F20A06490009646CC /* Swoosh.swift */; };
		2F9FAA4021FE43FE0076B737 /* UIStackView_DashBoard.swift in Sources */ = {isa = PBXBuildFile; fileRef = 8855BA3E20A06490009646CC /* UIStackView_DashBoard.swift */; };
		2F9FAA4121FE43FE0076B737 /* UIView_DashBoardItem.swift in Sources */ = {isa = PBXBuildFile; fileRef = 8855BA4620A06491009646CC /* UIView_DashBoardItem.swift */; };
		2F9FAA4221FE43FE0076B737 /* ViewController_Base.swift in Sources */ = {isa = PBXBuildFile; fileRef = 8855BA4120A06490009646CC /* ViewController_Base.swift */; };
		2F9FAA4321FE43FE0076B737 /* Extension_CBUUID.swift in Sources */ = {isa = PBXBuildFile; fileRef = 2F288D9321E0230000713CB2 /* Extension_CBUUID.swift */; };
		2F9FAAAC21FE45900076B737 /* Extension_Data.swift in Sources */ = {isa = PBXBuildFile; fileRef = 8855BA4420A06491009646CC /* Extension_Data.swift */; };
		2F9FAAB021FE47190076B737 /* Ext.swift in Sources */ = {isa = PBXBuildFile; fileRef = 2F9FAAAD21FE46490076B737 /* Ext.swift */; };
		2F9FAAB121FE471D0076B737 /* LogNotify.swift in Sources */ = {isa = PBXBuildFile; fileRef = 8855BA4F20A06491009646CC /* LogNotify.swift */; };
		2F9FAAB421FE48080076B737 /* Macros.swift in Sources */ = {isa = PBXBuildFile; fileRef = 2F9FAAB321FE48080076B737 /* Macros.swift */; };
		2F9FAAB721FE49A50076B737 /* ProgramBuildResult.swift in Sources */ = {isa = PBXBuildFile; fileRef = 2F9FAAB621FE49A50076B737 /* ProgramBuildResult.swift */; };
		2F9FAAB921FE4A430076B737 /* ValueLocalizer.swift in Sources */ = {isa = PBXBuildFile; fileRef = 2FE507AF219D925B008686F4 /* ValueLocalizer.swift */; };
		2F9FAACA21FF49240076B737 /* Encodings.swift in Sources */ = {isa = PBXBuildFile; fileRef = 8855BA3B20A06490009646CC /* Encodings.swift */; };
		2F9FAACC21FF4CB40076B737 /* ApiCalls.swift in Sources */ = {isa = PBXBuildFile; fileRef = 2F9FAACB21FF4CB40076B737 /* ApiCalls.swift */; };
		2FCB133D21C3E25F00500EC1 /* MatrixView.swift in Sources */ = {isa = PBXBuildFile; fileRef = 2FCB133C21C3E25F00500EC1 /* MatrixView.swift */; };
		2FDC68D521C463D8001163D3 /* MatrixConnectionViewController.swift in Sources */ = {isa = PBXBuildFile; fileRef = 2FCB133921C3DC8300500EC1 /* MatrixConnectionViewController.swift */; };
		2FDC68D721C5650D001163D3 /* MatrixConnectionViewController.xib in Resources */ = {isa = PBXBuildFile; fileRef = 2FDC68DA21C5650D001163D3 /* MatrixConnectionViewController.xib */; };
		2FDC68D821C5650D001163D3 /* MatrixConnectionViewController.xib in Resources */ = {isa = PBXBuildFile; fileRef = 2FDC68DA21C5650D001163D3 /* MatrixConnectionViewController.xib */; };
		2FDC68E921C6B426001163D3 /* Assets.xcassets in Resources */ = {isa = PBXBuildFile; fileRef = 2FDC68E821C6B426001163D3 /* Assets.xcassets */; };
		2FDC68EA21C6B436001163D3 /* Assets.xcassets in Resources */ = {isa = PBXBuildFile; fileRef = 2FDC68E821C6B426001163D3 /* Assets.xcassets */; };
		2FDC68EE21C6C050001163D3 /* bg.png in Resources */ = {isa = PBXBuildFile; fileRef = 2FDC68ED21C6C050001163D3 /* bg.png */; };
		2FDC68F021C6C0FE001163D3 /* icon.png in Resources */ = {isa = PBXBuildFile; fileRef = 2FDC68EF21C6C0FD001163D3 /* icon.png */; };
		2FDC68F121C6EA64001163D3 /* bg.png in Resources */ = {isa = PBXBuildFile; fileRef = 2FDC68ED21C6C050001163D3 /* bg.png */; };
		2FDC68F221C6EA66001163D3 /* icon.png in Resources */ = {isa = PBXBuildFile; fileRef = 2FDC68EF21C6C0FD001163D3 /* icon.png */; };
		2FEB5D9A21EB641300FCBF7D /* NotificationTest.swift in Sources */ = {isa = PBXBuildFile; fileRef = 2FEB5D9921EB641300FCBF7D /* NotificationTest.swift */; };
		2FEB5D9C21EB79E900FCBF7D /* BluetoothApiTest.swift in Sources */ = {isa = PBXBuildFile; fileRef = 2FEB5D9B21EB79E900FCBF7D /* BluetoothApiTest.swift */; };
		2FEC8C6221A1ACCF004C27B8 /* BookSourcesTests.swift in Sources */ = {isa = PBXBuildFile; fileRef = 2FEC8C6121A1ACCF004C27B8 /* BookSourcesTests.swift */; };
		2FEC8C6421A1ACCF004C27B8 /* libBook_Sources.a in Frameworks */ = {isa = PBXBuildFile; fileRef = 5EF2F9AB2054BBF300191409 /* libBook_Sources.a */; };
		2FEC8C6B21A1AD57004C27B8 /* ValueLocalizerTests.swift in Sources */ = {isa = PBXBuildFile; fileRef = 2FEC8C6A21A1AD57004C27B8 /* ValueLocalizerTests.swift */; };
		2FF83D9521BDBC33007BC9D8 /* CalliopeBLEDeviceTest.swift in Sources */ = {isa = PBXBuildFile; fileRef = 2FF83D9421BDBC33007BC9D8 /* CalliopeBLEDeviceTest.swift */; };
		5E086DD32051E3A3004D8D25 /* Manifest.plist in Copy Book Contents */ = {isa = PBXBuildFile; fileRef = 5E086DCF2051DF0F004D8D25 /* Manifest.plist */; };
		5EA2E3C02056F35A00416A35 /* AppDelegate.swift in Sources */ = {isa = PBXBuildFile; fileRef = 5EA2E3BF2056F35A00416A35 /* AppDelegate.swift */; };
		5EA2E3CA2056F35B00416A35 /* LiveViewTestAppLaunchScreen.storyboard in Resources */ = {isa = PBXBuildFile; fileRef = 5EA2E3C82056F35B00416A35 /* LiveViewTestAppLaunchScreen.storyboard */; };
		5EA2E3D42056F36800416A35 /* libBook_Sources.a in Frameworks */ = {isa = PBXBuildFile; fileRef = 5EF2F9AB2054BBF300191409 /* libBook_Sources.a */; };
		5EA2E3DA2056F8D100416A35 /* PlaygroundBluetooth.framework in Embed Frameworks */ = {isa = PBXBuildFile; fileRef = 5EA2E3D82056F88700416A35 /* PlaygroundBluetooth.framework */; settings = {ATTRIBUTES = (CodeSignOnCopy, RemoveHeadersOnCopy, ); }; };
		5EA2E3DB2056F8D100416A35 /* PlaygroundSupport.framework in Embed Frameworks */ = {isa = PBXBuildFile; fileRef = 5EA2E3D72056F88700416A35 /* PlaygroundSupport.framework */; settings = {ATTRIBUTES = (CodeSignOnCopy, RemoveHeadersOnCopy, ); }; };
		5EBEC2F0205B399300975D3F /* LiveViewHost.framework in Embed Frameworks */ = {isa = PBXBuildFile; fileRef = 5EBEC2EF205B396500975D3F /* LiveViewHost.framework */; settings = {ATTRIBUTES = (CodeSignOnCopy, RemoveHeadersOnCopy, ); }; };
		5EF2F9B72054E6FB00191409 /* Chapters in Copy Book Contents */ = {isa = PBXBuildFile; fileRef = 5EF2F9B62054E6F900191409 /* Chapters */; };
		5EF2F9B82054E6FE00191409 /* Sources in Copy Book Contents */ = {isa = PBXBuildFile; fileRef = 5EF2F9A52054BBB200191409 /* Sources */; };
		8855BABC20A064C4009646CC /* Dashboard_BrightnessAnimation.swift in Sources */ = {isa = PBXBuildFile; fileRef = 8855BA9020A064C4009646CC /* Dashboard_BrightnessAnimation.swift */; };
		8855BABD20A064C4009646CC /* Dashboard_ButtonAAnimation.swift in Sources */ = {isa = PBXBuildFile; fileRef = 8855BA9120A064C4009646CC /* Dashboard_ButtonAAnimation.swift */; };
		8855BABE20A064C4009646CC /* Dashboard_ButtonBAnimation.swift in Sources */ = {isa = PBXBuildFile; fileRef = 8855BA9220A064C4009646CC /* Dashboard_ButtonBAnimation.swift */; };
		8855BABF20A064C4009646CC /* Dashboard_DisplayAnimation.swift in Sources */ = {isa = PBXBuildFile; fileRef = 8855BA9320A064C4009646CC /* Dashboard_DisplayAnimation.swift */; };
		8855BAC020A064C4009646CC /* Dashboard_NoiseAnimation.swift in Sources */ = {isa = PBXBuildFile; fileRef = 8855BA9420A064C4009646CC /* Dashboard_NoiseAnimation.swift */; };
		8855BAC120A064C4009646CC /* Dashboard_PinAnimation.swift in Sources */ = {isa = PBXBuildFile; fileRef = 8855BA9520A064C4009646CC /* Dashboard_PinAnimation.swift */; };
		8855BAC220A064C4009646CC /* Dashboard_RGBAnimation.swift in Sources */ = {isa = PBXBuildFile; fileRef = 8855BA9620A064C4009646CC /* Dashboard_RGBAnimation.swift */; };
		8855BAC320A064C4009646CC /* Dashboard_ShakeAnimation.swift in Sources */ = {isa = PBXBuildFile; fileRef = 8855BA9720A064C4009646CC /* Dashboard_ShakeAnimation.swift */; };
		8855BAC420A064C4009646CC /* Dashboard_SoundAnimation.swift in Sources */ = {isa = PBXBuildFile; fileRef = 8855BA9820A064C4009646CC /* Dashboard_SoundAnimation.swift */; };
		8855BAC520A064C4009646CC /* Dashboard_ThermometerAnimation.swift in Sources */ = {isa = PBXBuildFile; fileRef = 8855BA9920A064C4009646CC /* Dashboard_ThermometerAnimation.swift */; };
		9DFC63AA214F9CFC002FCB75 /* Localizable.strings in Resources */ = {isa = PBXBuildFile; fileRef = 9DFC6399214F9CFC002FCB75 /* Localizable.strings */; };
		9DFC63AB214F9CFC002FCB75 /* Localizable.strings in Resources */ = {isa = PBXBuildFile; fileRef = 9DFC6399214F9CFC002FCB75 /* Localizable.strings */; };
		9DFC63AC214F9CFC002FCB75 /* EditableFields.strings in Resources */ = {isa = PBXBuildFile; fileRef = 9DFC639B214F9CFC002FCB75 /* EditableFields.strings */; };
		9DFC63AD214F9CFC002FCB75 /* EditableFields.strings in Resources */ = {isa = PBXBuildFile; fileRef = 9DFC639B214F9CFC002FCB75 /* EditableFields.strings */; };
		9DFC63AE214F9CFC002FCB75 /* ManifestPlist.strings in Resources */ = {isa = PBXBuildFile; fileRef = 9DFC639D214F9CFC002FCB75 /* ManifestPlist.strings */; };
		9DFC63AF214F9CFC002FCB75 /* ManifestPlist.strings in Resources */ = {isa = PBXBuildFile; fileRef = 9DFC639D214F9CFC002FCB75 /* ManifestPlist.strings */; };
		9DFC63B2214F9CFC002FCB75 /* Localizable.strings in Resources */ = {isa = PBXBuildFile; fileRef = 9DFC63A2214F9CFC002FCB75 /* Localizable.strings */; };
		9DFC63B3214F9CFC002FCB75 /* Localizable.strings in Resources */ = {isa = PBXBuildFile; fileRef = 9DFC63A2214F9CFC002FCB75 /* Localizable.strings */; };
		9DFC63B4214F9CFC002FCB75 /* EditableFields.strings in Resources */ = {isa = PBXBuildFile; fileRef = 9DFC63A4214F9CFC002FCB75 /* EditableFields.strings */; };
		9DFC63B5214F9CFC002FCB75 /* EditableFields.strings in Resources */ = {isa = PBXBuildFile; fileRef = 9DFC63A4214F9CFC002FCB75 /* EditableFields.strings */; };
		9DFC63B6214F9CFC002FCB75 /* ManifestPlist.strings in Resources */ = {isa = PBXBuildFile; fileRef = 9DFC63A6214F9CFC002FCB75 /* ManifestPlist.strings */; };
		9DFC63B7214F9CFC002FCB75 /* ManifestPlist.strings in Resources */ = {isa = PBXBuildFile; fileRef = 9DFC63A6214F9CFC002FCB75 /* ManifestPlist.strings */; };
/* End PBXBuildFile section */

/* Begin PBXBuildRule section */
		5E086DD42051E415004D8D25 /* PBXBuildRule */ = {
			isa = PBXBuildRule;
			compilerSpec = com.apple.compilers.proxy.script;
			filePatterns = "*/Manifest.plist";
			fileType = pattern.proxy;
			isEditable = 1;
			outputFiles = (
				"$(DERIVED_FILE_DIR)/$(INPUT_FILE_NAME)",
			);
			script = "mkdir -p \"${DERIVED_FILE_DIR}\"\n\n\"${PROJECT_DIR}\"/SupportingContent/Tools/expandBuildSettingReferences --output \"${SCRIPT_OUTPUT_FILE_0}\" --use-environment \"${SCRIPT_INPUT_FILE}\"\n";
		};
/* End PBXBuildRule section */

/* Begin PBXContainerItemProxy section */
		2F8DC42B21A1AF3300C349D8 /* PBXContainerItemProxy */ = {
			isa = PBXContainerItemProxy;
			containerPortal = 5E2A7ADD204F611300F4E17A /* Project object */;
			proxyType = 1;
			remoteGlobalIDString = 5EA2E3BC2056F35A00416A35;
			remoteInfo = LiveViewTestApp;
		};
		2FEC8C6521A1ACCF004C27B8 /* PBXContainerItemProxy */ = {
			isa = PBXContainerItemProxy;
			containerPortal = 5E2A7ADD204F611300F4E17A /* Project object */;
			proxyType = 1;
			remoteGlobalIDString = 5EF2F9AA2054BBF300191409;
			remoteInfo = Book_Sources;
		};
		5EA2E3CF2056F36100416A35 /* PBXContainerItemProxy */ = {
			isa = PBXContainerItemProxy;
			containerPortal = 5E2A7ADD204F611300F4E17A /* Project object */;
			proxyType = 1;
			remoteGlobalIDString = 5E086DBF2051C5A7004D8D25;
			remoteInfo = PlaygroundBook;
		};
		5EA2E3D12056F36300416A35 /* PBXContainerItemProxy */ = {
			isa = PBXContainerItemProxy;
			containerPortal = 5E2A7ADD204F611300F4E17A /* Project object */;
			proxyType = 1;
			remoteGlobalIDString = 5EF2F9AA2054BBF300191409;
			remoteInfo = Book_Sources;
		};
		5EF2F9B42054BDD100191409 /* PBXContainerItemProxy */ = {
			isa = PBXContainerItemProxy;
			containerPortal = 5E2A7ADD204F611300F4E17A /* Project object */;
			proxyType = 1;
			remoteGlobalIDString = 5EF2F9AA2054BBF300191409;
			remoteInfo = Book_Sources;
		};
/* End PBXContainerItemProxy section */

/* Begin PBXCopyFilesBuildPhase section */
		5E086DD22051E35D004D8D25 /* Copy Book Contents */ = {
			isa = PBXCopyFilesBuildPhase;
			buildActionMask = 2147483647;
			dstPath = "$(CONTENTS_FOLDER_PATH)";
			dstSubfolderSpec = 16;
			files = (
				5E086DD32051E3A3004D8D25 /* Manifest.plist in Copy Book Contents */,
				5EF2F9B72054E6FB00191409 /* Chapters in Copy Book Contents */,
				5EF2F9B82054E6FE00191409 /* Sources in Copy Book Contents */,
			);
			name = "Copy Book Contents";
			runOnlyForDeploymentPostprocessing = 0;
		};
		5EA2E3D92056F8BD00416A35 /* Embed Frameworks */ = {
			isa = PBXCopyFilesBuildPhase;
			buildActionMask = 2147483647;
			dstPath = "";
			dstSubfolderSpec = 10;
			files = (
				5EBEC2F0205B399300975D3F /* LiveViewHost.framework in Embed Frameworks */,
				5EA2E3DA2056F8D100416A35 /* PlaygroundBluetooth.framework in Embed Frameworks */,
				5EA2E3DB2056F8D100416A35 /* PlaygroundSupport.framework in Embed Frameworks */,
			);
			name = "Embed Frameworks";
			runOnlyForDeploymentPostprocessing = 0;
		};
/* End PBXCopyFilesBuildPhase section */

/* Begin PBXFileReference section */
		2F09855C220711550075A5DB /* DataTypes.swift */ = {isa = PBXFileReference; lastKnownFileType = sourcecode.swift; path = DataTypes.swift; sourceTree = "<group>"; };
		2F098560220718310075A5DB /* Runtime.swift */ = {isa = PBXFileReference; lastKnownFileType = sourcecode.swift; path = Runtime.swift; sourceTree = "<group>"; };
		2F157B2121BBE96400E6EB68 /* CalliopeBLEDiscovery.swift */ = {isa = PBXFileReference; lastKnownFileType = sourcecode.swift; path = CalliopeBLEDiscovery.swift; sourceTree = "<group>"; };
		2F157B2321BBED9B00E6EB68 /* CalliopeBLEDiscoveryTest.swift */ = {isa = PBXFileReference; lastKnownFileType = sourcecode.swift; path = CalliopeBLEDiscoveryTest.swift; sourceTree = "<group>"; };
		2F157B2521BC41A600E6EB68 /* CalliopeBLEDevice.swift */ = {isa = PBXFileReference; lastKnownFileType = sourcecode.swift; path = CalliopeBLEDevice.swift; sourceTree = "<group>"; };
		2F1C9A9E220F3A8800E05DD1 /* TeachingApiImplementation.swift */ = {isa = PBXFileReference; fileEncoding = 4; lastKnownFileType = sourcecode.swift; path = TeachingApiImplementation.swift; sourceTree = "<group>"; };
		2F27131021FC8B80007A1584 /* DataExtensionTest.swift */ = {isa = PBXFileReference; lastKnownFileType = sourcecode.swift; path = DataExtensionTest.swift; sourceTree = "<group>"; };
		2F288D9321E0230000713CB2 /* Extension_CBUUID.swift */ = {isa = PBXFileReference; lastKnownFileType = sourcecode.swift; path = Extension_CBUUID.swift; sourceTree = "<group>"; };
		2F3874B521CFD07F0011A85A /* CollapseButton.swift */ = {isa = PBXFileReference; lastKnownFileType = sourcecode.swift; path = CollapseButton.swift; sourceTree = "<group>"; };
		2F44603E21CEA403002D15DF /* ConnectionButton.swift */ = {isa = PBXFileReference; lastKnownFileType = sourcecode.swift; path = ConnectionButton.swift; sourceTree = "<group>"; };
		2F5A21092205BE64005E9248 /* PlaygroundValueKeys.swift */ = {isa = PBXFileReference; lastKnownFileType = sourcecode.swift; path = PlaygroundValueKeys.swift; sourceTree = "<group>"; };
		2F666BF9222149BE00533040 /* ApiCallEncodings.swift */ = {isa = PBXFileReference; lastKnownFileType = sourcecode.swift; path = ApiCallEncodings.swift; sourceTree = "<group>"; };
		2F666BFB22214B0F00533040 /* BluetoothConstants.swift */ = {isa = PBXFileReference; lastKnownFileType = sourcecode.swift; path = BluetoothConstants.swift; sourceTree = "<group>"; };
		2F666BFE22216F1E00533040 /* LayoutHelper.swift */ = {isa = PBXFileReference; lastKnownFileType = sourcecode.swift; path = LayoutHelper.swift; sourceTree = "<group>"; };
		2F666C012221786900533040 /* ProgrammableCalliopeBLEDevice.swift */ = {isa = PBXFileReference; lastKnownFileType = sourcecode.swift; path = ProgrammableCalliopeBLEDevice.swift; sourceTree = "<group>"; };
		2F666C03222179BE00533040 /* ClientCalliopeBLEDevice.swift */ = {isa = PBXFileReference; lastKnownFileType = sourcecode.swift; path = ClientCalliopeBLEDevice.swift; sourceTree = "<group>"; };
		2F666C0522217B1000533040 /* CalliopeBLEProfile.swift */ = {isa = PBXFileReference; lastKnownFileType = sourcecode.swift; path = CalliopeBLEProfile.swift; sourceTree = "<group>"; };
		2F9FAAAD21FE46490076B737 /* Ext.swift */ = {isa = PBXFileReference; lastKnownFileType = sourcecode.swift; path = Ext.swift; sourceTree = "<group>"; };
		2F9FAAB321FE48080076B737 /* Macros.swift */ = {isa = PBXFileReference; lastKnownFileType = sourcecode.swift; path = Macros.swift; sourceTree = "<group>"; };
		2F9FAAB621FE49A50076B737 /* ProgramBuildResult.swift */ = {isa = PBXFileReference; lastKnownFileType = sourcecode.swift; path = ProgramBuildResult.swift; sourceTree = "<group>"; };
		2F9FAACB21FF4CB40076B737 /* ApiCalls.swift */ = {isa = PBXFileReference; lastKnownFileType = sourcecode.swift; path = ApiCalls.swift; sourceTree = "<group>"; };
		2FCB133921C3DC8300500EC1 /* MatrixConnectionViewController.swift */ = {isa = PBXFileReference; lastKnownFileType = sourcecode.swift; path = MatrixConnectionViewController.swift; sourceTree = "<group>"; };
		2FCB133C21C3E25F00500EC1 /* MatrixView.swift */ = {isa = PBXFileReference; fileEncoding = 4; lastKnownFileType = sourcecode.swift; path = MatrixView.swift; sourceTree = "<group>"; };
		2FDC68DC21C56513001163D3 /* de */ = {isa = PBXFileReference; lastKnownFileType = text.plist.strings; name = de; path = de.lproj/MatrixConnectionViewController.strings; sourceTree = "<group>"; };
		2FDC68DD21C56842001163D3 /* Base */ = {isa = PBXFileReference; lastKnownFileType = file.xib; name = Base; path = Base.lproj/MatrixConnectionViewController.xib; sourceTree = "<group>"; };
		2FDC68DE21C5685C001163D3 /* en */ = {isa = PBXFileReference; lastKnownFileType = text.plist.strings; name = en; path = en.lproj/MatrixConnectionViewController.strings; sourceTree = "<group>"; };
		2FDC68E821C6B426001163D3 /* Assets.xcassets */ = {isa = PBXFileReference; lastKnownFileType = folder.assetcatalog; path = Assets.xcassets; sourceTree = "<group>"; };
		2FDC68ED21C6C050001163D3 /* bg.png */ = {isa = PBXFileReference; lastKnownFileType = image.png; path = bg.png; sourceTree = "<group>"; };
		2FDC68EF21C6C0FD001163D3 /* icon.png */ = {isa = PBXFileReference; lastKnownFileType = image.png; path = icon.png; sourceTree = "<group>"; };
		2FE507AF219D925B008686F4 /* ValueLocalizer.swift */ = {isa = PBXFileReference; lastKnownFileType = sourcecode.swift; path = ValueLocalizer.swift; sourceTree = "<group>"; };
		2FEB5D9921EB641300FCBF7D /* NotificationTest.swift */ = {isa = PBXFileReference; lastKnownFileType = sourcecode.swift; path = NotificationTest.swift; sourceTree = "<group>"; };
		2FEB5D9B21EB79E900FCBF7D /* BluetoothApiTest.swift */ = {isa = PBXFileReference; lastKnownFileType = sourcecode.swift; path = BluetoothApiTest.swift; sourceTree = "<group>"; };
		2FEC8C5F21A1ACCF004C27B8 /* BookSourcesTests.xctest */ = {isa = PBXFileReference; explicitFileType = wrapper.cfbundle; includeInIndex = 0; path = BookSourcesTests.xctest; sourceTree = BUILT_PRODUCTS_DIR; };
		2FEC8C6121A1ACCF004C27B8 /* BookSourcesTests.swift */ = {isa = PBXFileReference; lastKnownFileType = sourcecode.swift; path = BookSourcesTests.swift; sourceTree = "<group>"; };
		2FEC8C6321A1ACCF004C27B8 /* Info.plist */ = {isa = PBXFileReference; lastKnownFileType = text.plist.xml; path = Info.plist; sourceTree = "<group>"; };
		2FEC8C6A21A1AD57004C27B8 /* ValueLocalizerTests.swift */ = {isa = PBXFileReference; lastKnownFileType = sourcecode.swift; path = ValueLocalizerTests.swift; sourceTree = "<group>"; };
		2FF83D9421BDBC33007BC9D8 /* CalliopeBLEDeviceTest.swift */ = {isa = PBXFileReference; lastKnownFileType = sourcecode.swift; path = CalliopeBLEDeviceTest.swift; sourceTree = "<group>"; };
		5E086DC02051C5A7004D8D25 /* CalliopePlaybook.playgroundbook */ = {isa = PBXFileReference; explicitFileType = wrapper.cfbundle; includeInIndex = 0; path = CalliopePlaybook.playgroundbook; sourceTree = BUILT_PRODUCTS_DIR; };
		5E086DC72051DD03004D8D25 /* BookOverridingBuildSettings.xcconfig */ = {isa = PBXFileReference; lastKnownFileType = text.xcconfig; path = BookOverridingBuildSettings.xcconfig; sourceTree = "<group>"; };
		5E086DCF2051DF0F004D8D25 /* Manifest.plist */ = {isa = PBXFileReference; lastKnownFileType = text.plist.xml; path = Manifest.plist; sourceTree = "<group>"; };
		5E0E37522065981C008FA4BE /* BuildSettings.xcconfig */ = {isa = PBXFileReference; lastKnownFileType = text.xcconfig; path = BuildSettings.xcconfig; sourceTree = "<group>"; };
		5E0E37542065A065008FA4BE /* README.md */ = {isa = PBXFileReference; lastKnownFileType = net.daringfireball.markdown; path = README.md; sourceTree = "<group>"; };
		5E1004BE208E7F6E00BCFE70 /* LICENSE.txt */ = {isa = PBXFileReference; lastKnownFileType = text; path = LICENSE.txt; sourceTree = "<group>"; };
		5E2A7AE6204F630600F4E17A /* BaseBuildSettings.xcconfig */ = {isa = PBXFileReference; lastKnownFileType = text.xcconfig; path = BaseBuildSettings.xcconfig; sourceTree = "<group>"; };
		5EA2E3BD2056F35A00416A35 /* LiveViewTestApp.app */ = {isa = PBXFileReference; explicitFileType = wrapper.application; includeInIndex = 0; path = LiveViewTestApp.app; sourceTree = BUILT_PRODUCTS_DIR; };
		5EA2E3BF2056F35A00416A35 /* AppDelegate.swift */ = {isa = PBXFileReference; lastKnownFileType = sourcecode.swift; path = AppDelegate.swift; sourceTree = "<group>"; };
		5EA2E3C92056F35B00416A35 /* Base */ = {isa = PBXFileReference; lastKnownFileType = file.storyboard; name = Base; path = Base.lproj/LiveViewTestAppLaunchScreen.storyboard; sourceTree = "<group>"; };
		5EA2E3CB2056F35B00416A35 /* Info.plist */ = {isa = PBXFileReference; lastKnownFileType = text.plist.xml; path = Info.plist; sourceTree = "<group>"; };
		5EA2E3D72056F88700416A35 /* PlaygroundSupport.framework */ = {isa = PBXFileReference; lastKnownFileType = wrapper.framework; path = PlaygroundSupport.framework; sourceTree = PLAYGROUNDS_FRAMEWORKS_DIR; };
		5EA2E3D82056F88700416A35 /* PlaygroundBluetooth.framework */ = {isa = PBXFileReference; lastKnownFileType = wrapper.framework; path = PlaygroundBluetooth.framework; sourceTree = PLAYGROUNDS_FRAMEWORKS_DIR; };
		5EBEC2EF205B396500975D3F /* LiveViewHost.framework */ = {isa = PBXFileReference; lastKnownFileType = wrapper.framework; path = LiveViewHost.framework; sourceTree = OTHER_FRAMEWORKS_DIR; };
		5EF2F9A52054BBB200191409 /* Sources */ = {isa = PBXFileReference; lastKnownFileType = folder; path = Sources; sourceTree = "<group>"; };
		5EF2F9AB2054BBF300191409 /* libBook_Sources.a */ = {isa = PBXFileReference; explicitFileType = archive.ar; includeInIndex = 0; path = libBook_Sources.a; sourceTree = BUILT_PRODUCTS_DIR; };
		5EF2F9B62054E6F900191409 /* Chapters */ = {isa = PBXFileReference; lastKnownFileType = folder; path = Chapters; sourceTree = "<group>"; };
		8855BA3920A06490009646CC /* Async.swift */ = {isa = PBXFileReference; fileEncoding = 4; lastKnownFileType = sourcecode.swift; path = Async.swift; sourceTree = "<group>"; };
		8855BA3A20A06490009646CC /* Matrix.swift */ = {isa = PBXFileReference; fileEncoding = 4; lastKnownFileType = sourcecode.swift; path = Matrix.swift; sourceTree = "<group>"; };
		8855BA3B20A06490009646CC /* Encodings.swift */ = {isa = PBXFileReference; fileEncoding = 4; lastKnownFileType = sourcecode.swift; path = Encodings.swift; sourceTree = "<group>"; };
		8855BA3C20A06490009646CC /* ActivityView.swift */ = {isa = PBXFileReference; fileEncoding = 4; lastKnownFileType = sourcecode.swift; path = ActivityView.swift; sourceTree = "<group>"; };
		8855BA3D20A06490009646CC /* Extension_UIColor.swift */ = {isa = PBXFileReference; fileEncoding = 4; lastKnownFileType = sourcecode.swift; path = Extension_UIColor.swift; sourceTree = "<group>"; };
		8855BA3E20A06490009646CC /* UIStackView_DashBoard.swift */ = {isa = PBXFileReference; fileEncoding = 4; lastKnownFileType = sourcecode.swift; path = UIStackView_DashBoard.swift; sourceTree = "<group>"; };
		8855BA3F20A06490009646CC /* Swoosh.swift */ = {isa = PBXFileReference; fileEncoding = 4; lastKnownFileType = sourcecode.swift; path = Swoosh.swift; sourceTree = "<group>"; };
		8855BA4020A06490009646CC /* Extension_CGRect.swift */ = {isa = PBXFileReference; fileEncoding = 4; lastKnownFileType = sourcecode.swift; path = Extension_CGRect.swift; sourceTree = "<group>"; };
		8855BA4120A06490009646CC /* ViewController_Base.swift */ = {isa = PBXFileReference; fileEncoding = 4; lastKnownFileType = sourcecode.swift; path = ViewController_Base.swift; sourceTree = "<group>"; };
		8855BA4320A06491009646CC /* DebugConstants.swift */ = {isa = PBXFileReference; fileEncoding = 4; lastKnownFileType = sourcecode.swift; path = DebugConstants.swift; sourceTree = "<group>"; };
		8855BA4420A06491009646CC /* Extension_Data.swift */ = {isa = PBXFileReference; fileEncoding = 4; lastKnownFileType = sourcecode.swift; path = Extension_Data.swift; sourceTree = "<group>"; };
		8855BA4520A06491009646CC /* PlayGroundManager.swift */ = {isa = PBXFileReference; fileEncoding = 4; lastKnownFileType = sourcecode.swift; path = PlayGroundManager.swift; sourceTree = "<group>"; };
		8855BA4620A06491009646CC /* UIView_DashBoardItem.swift */ = {isa = PBXFileReference; fileEncoding = 4; lastKnownFileType = sourcecode.swift; path = UIView_DashBoardItem.swift; sourceTree = "<group>"; };
		8855BA4920A06491009646CC /* Extension_NotificationCenter.swift */ = {isa = PBXFileReference; fileEncoding = 4; lastKnownFileType = sourcecode.swift; path = Extension_NotificationCenter.swift; sourceTree = "<group>"; };
		8855BA4A20A06491009646CC /* DashBoardViewController.swift */ = {isa = PBXFileReference; fileEncoding = 4; lastKnownFileType = sourcecode.swift; path = DashBoardViewController.swift; sourceTree = "<group>"; };
		8855BA4B20A06491009646CC /* Extension_String.swift */ = {isa = PBXFileReference; fileEncoding = 4; lastKnownFileType = sourcecode.swift; path = Extension_String.swift; sourceTree = "<group>"; };
		8855BA4D20A06491009646CC /* Extension_UILayoutPriority.swift */ = {isa = PBXFileReference; fileEncoding = 4; lastKnownFileType = sourcecode.swift; path = Extension_UILayoutPriority.swift; sourceTree = "<group>"; };
		8855BA4E20A06491009646CC /* Extractor.swift */ = {isa = PBXFileReference; fileEncoding = 4; lastKnownFileType = sourcecode.swift; path = Extractor.swift; sourceTree = "<group>"; };
		8855BA4F20A06491009646CC /* LogNotify.swift */ = {isa = PBXFileReference; fileEncoding = 4; lastKnownFileType = sourcecode.swift; path = LogNotify.swift; sourceTree = "<group>"; };
		8855BA6D20A064C4009646CC /* BookProgramCommandClear.swift */ = {isa = PBXFileReference; fileEncoding = 4; lastKnownFileType = sourcecode.swift; path = BookProgramCommandClear.swift; sourceTree = "<group>"; };
		8855BA6E20A064C4009646CC /* BookProgramCommandCombination.swift */ = {isa = PBXFileReference; fileEncoding = 4; lastKnownFileType = sourcecode.swift; path = BookProgramCommandCombination.swift; sourceTree = "<group>"; };
		8855BA6F20A064C4009646CC /* BookProgramCommandConditionals.swift */ = {isa = PBXFileReference; fileEncoding = 4; lastKnownFileType = sourcecode.swift; path = BookProgramCommandConditionals.swift; sourceTree = "<group>"; };
		8855BA7020A064C4009646CC /* BookProgramCommandForever.swift */ = {isa = PBXFileReference; fileEncoding = 4; lastKnownFileType = sourcecode.swift; path = BookProgramCommandForever.swift; sourceTree = "<group>"; };
		8855BA7120A064C4009646CC /* BookProgramCommandLoops.swift */ = {isa = PBXFileReference; fileEncoding = 4; lastKnownFileType = sourcecode.swift; path = BookProgramCommandLoops.swift; sourceTree = "<group>"; };
		8855BA7220A064C4009646CC /* BookProgramCommandRandom.swift */ = {isa = PBXFileReference; fileEncoding = 4; lastKnownFileType = sourcecode.swift; path = BookProgramCommandRandom.swift; sourceTree = "<group>"; };
		8855BA7320A064C4009646CC /* BookProgramCommandSleep.swift */ = {isa = PBXFileReference; fileEncoding = 4; lastKnownFileType = sourcecode.swift; path = BookProgramCommandSleep.swift; sourceTree = "<group>"; };
		8855BA7420A064C4009646CC /* BookProgramCommandStart.swift */ = {isa = PBXFileReference; fileEncoding = 4; lastKnownFileType = sourcecode.swift; path = BookProgramCommandStart.swift; sourceTree = "<group>"; };
		8855BA7520A064C4009646CC /* BookProgramCommandVariables.swift */ = {isa = PBXFileReference; fileEncoding = 4; lastKnownFileType = sourcecode.swift; path = BookProgramCommandVariables.swift; sourceTree = "<group>"; };
		8855BA7620A064C4009646CC /* BookProgramInputButtonA.swift */ = {isa = PBXFileReference; fileEncoding = 4; lastKnownFileType = sourcecode.swift; path = BookProgramInputButtonA.swift; sourceTree = "<group>"; };
		8855BA7720A064C4009646CC /* BookProgramInputButtonAB.swift */ = {isa = PBXFileReference; fileEncoding = 4; lastKnownFileType = sourcecode.swift; path = BookProgramInputButtonAB.swift; sourceTree = "<group>"; };
		8855BA7820A064C4009646CC /* BookProgramInputButtonB.swift */ = {isa = PBXFileReference; fileEncoding = 4; lastKnownFileType = sourcecode.swift; path = BookProgramInputButtonB.swift; sourceTree = "<group>"; };
		8855BA7920A064C4009646CC /* BookProgramInputCombination.swift */ = {isa = PBXFileReference; fileEncoding = 4; lastKnownFileType = sourcecode.swift; path = BookProgramInputCombination.swift; sourceTree = "<group>"; };
		8855BA7A20A064C4009646CC /* BookProgramInputPin.swift */ = {isa = PBXFileReference; fileEncoding = 4; lastKnownFileType = sourcecode.swift; path = BookProgramInputPin.swift; sourceTree = "<group>"; };
		8855BA7B20A064C4009646CC /* BookProgramInputShake.swift */ = {isa = PBXFileReference; fileEncoding = 4; lastKnownFileType = sourcecode.swift; path = BookProgramInputShake.swift; sourceTree = "<group>"; };
		8855BA7C20A064C4009646CC /* BookProgramOutputCombination.swift */ = {isa = PBXFileReference; fileEncoding = 4; lastKnownFileType = sourcecode.swift; path = BookProgramOutputCombination.swift; sourceTree = "<group>"; };
		8855BA7D20A064C4009646CC /* BookProgramOutputGrid.swift */ = {isa = PBXFileReference; fileEncoding = 4; lastKnownFileType = sourcecode.swift; path = BookProgramOutputGrid.swift; sourceTree = "<group>"; };
		8855BA7E20A064C4009646CC /* BookProgramOutputImage.swift */ = {isa = PBXFileReference; fileEncoding = 4; lastKnownFileType = sourcecode.swift; path = BookProgramOutputImage.swift; sourceTree = "<group>"; };
		8855BA7F20A064C4009646CC /* BookProgramOutputNumber.swift */ = {isa = PBXFileReference; fileEncoding = 4; lastKnownFileType = sourcecode.swift; path = BookProgramOutputNumber.swift; sourceTree = "<group>"; };
		8855BA8020A064C4009646CC /* BookProgramOutputRGB.swift */ = {isa = PBXFileReference; fileEncoding = 4; lastKnownFileType = sourcecode.swift; path = BookProgramOutputRGB.swift; sourceTree = "<group>"; };
		8855BA8120A064C4009646CC /* BookProgramOutputSound.swift */ = {isa = PBXFileReference; fileEncoding = 4; lastKnownFileType = sourcecode.swift; path = BookProgramOutputSound.swift; sourceTree = "<group>"; };
		8855BA8220A064C4009646CC /* BookProgramOutputString.swift */ = {isa = PBXFileReference; fileEncoding = 4; lastKnownFileType = sourcecode.swift; path = BookProgramOutputString.swift; sourceTree = "<group>"; };
		8855BA8320A064C4009646CC /* BookProgramProjectClap.swift */ = {isa = PBXFileReference; fileEncoding = 4; lastKnownFileType = sourcecode.swift; path = BookProgramProjectClap.swift; sourceTree = "<group>"; };
		8855BA8420A064C4009646CC /* BookProgramProjectDice.swift */ = {isa = PBXFileReference; fileEncoding = 4; lastKnownFileType = sourcecode.swift; path = BookProgramProjectDice.swift; sourceTree = "<group>"; };
		8855BA8520A064C4009646CC /* BookProgramProjectPiano.swift */ = {isa = PBXFileReference; fileEncoding = 4; lastKnownFileType = sourcecode.swift; path = BookProgramProjectPiano.swift; sourceTree = "<group>"; };
		8855BA8620A064C4009646CC /* BookProgramProjectRockPaperScissors.swift */ = {isa = PBXFileReference; fileEncoding = 4; lastKnownFileType = sourcecode.swift; path = BookProgramProjectRockPaperScissors.swift; sourceTree = "<group>"; };
		8855BA8720A064C4009646CC /* BookProgramProjectTheremin.swift */ = {isa = PBXFileReference; fileEncoding = 4; lastKnownFileType = sourcecode.swift; path = BookProgramProjectTheremin.swift; sourceTree = "<group>"; };
		8855BA8820A064C4009646CC /* BookProgramProjectThermometer.swift */ = {isa = PBXFileReference; fileEncoding = 4; lastKnownFileType = sourcecode.swift; path = BookProgramProjectThermometer.swift; sourceTree = "<group>"; };
		8855BA8920A064C4009646CC /* ProgramBase.swift */ = {isa = PBXFileReference; fileEncoding = 4; lastKnownFileType = sourcecode.swift; path = ProgramBase.swift; sourceTree = "<group>"; };
		8855BA8A20A064C4009646CC /* ProgramBaseInstructions.swift */ = {isa = PBXFileReference; fileEncoding = 4; lastKnownFileType = sourcecode.swift; path = ProgramBaseInstructions.swift; sourceTree = "<group>"; };
		8855BA8B20A064C4009646CC /* ProgramBlink.swift */ = {isa = PBXFileReference; fileEncoding = 4; lastKnownFileType = sourcecode.swift; path = ProgramBlink.swift; sourceTree = "<group>"; };
		8855BA8C20A064C4009646CC /* ProgramBuilder.swift */ = {isa = PBXFileReference; fileEncoding = 4; lastKnownFileType = sourcecode.swift; path = ProgramBuilder.swift; sourceTree = "<group>"; };
		8855BA8D20A064C4009646CC /* ProgramNotifyPing.swift */ = {isa = PBXFileReference; fileEncoding = 4; lastKnownFileType = sourcecode.swift; path = ProgramNotifyPing.swift; sourceTree = "<group>"; };
		8855BA9020A064C4009646CC /* Dashboard_BrightnessAnimation.swift */ = {isa = PBXFileReference; fileEncoding = 4; lastKnownFileType = sourcecode.swift; path = Dashboard_BrightnessAnimation.swift; sourceTree = "<group>"; };
		8855BA9120A064C4009646CC /* Dashboard_ButtonAAnimation.swift */ = {isa = PBXFileReference; fileEncoding = 4; lastKnownFileType = sourcecode.swift; path = Dashboard_ButtonAAnimation.swift; sourceTree = "<group>"; };
		8855BA9220A064C4009646CC /* Dashboard_ButtonBAnimation.swift */ = {isa = PBXFileReference; fileEncoding = 4; lastKnownFileType = sourcecode.swift; path = Dashboard_ButtonBAnimation.swift; sourceTree = "<group>"; };
		8855BA9320A064C4009646CC /* Dashboard_DisplayAnimation.swift */ = {isa = PBXFileReference; fileEncoding = 4; lastKnownFileType = sourcecode.swift; path = Dashboard_DisplayAnimation.swift; sourceTree = "<group>"; };
		8855BA9420A064C4009646CC /* Dashboard_NoiseAnimation.swift */ = {isa = PBXFileReference; fileEncoding = 4; lastKnownFileType = sourcecode.swift; path = Dashboard_NoiseAnimation.swift; sourceTree = "<group>"; };
		8855BA9520A064C4009646CC /* Dashboard_PinAnimation.swift */ = {isa = PBXFileReference; fileEncoding = 4; lastKnownFileType = sourcecode.swift; path = Dashboard_PinAnimation.swift; sourceTree = "<group>"; };
		8855BA9620A064C4009646CC /* Dashboard_RGBAnimation.swift */ = {isa = PBXFileReference; fileEncoding = 4; lastKnownFileType = sourcecode.swift; path = Dashboard_RGBAnimation.swift; sourceTree = "<group>"; };
		8855BA9720A064C4009646CC /* Dashboard_ShakeAnimation.swift */ = {isa = PBXFileReference; fileEncoding = 4; lastKnownFileType = sourcecode.swift; path = Dashboard_ShakeAnimation.swift; sourceTree = "<group>"; };
		8855BA9820A064C4009646CC /* Dashboard_SoundAnimation.swift */ = {isa = PBXFileReference; fileEncoding = 4; lastKnownFileType = sourcecode.swift; path = Dashboard_SoundAnimation.swift; sourceTree = "<group>"; };
		8855BA9920A064C4009646CC /* Dashboard_ThermometerAnimation.swift */ = {isa = PBXFileReference; fileEncoding = 4; lastKnownFileType = sourcecode.swift; path = Dashboard_ThermometerAnimation.swift; sourceTree = "<group>"; };
		9DFC639A214F9CFC002FCB75 /* en */ = {isa = PBXFileReference; lastKnownFileType = text.plist.strings; name = en; path = Localizable.strings; sourceTree = "<group>"; };
		9DFC639C214F9CFC002FCB75 /* en */ = {isa = PBXFileReference; lastKnownFileType = text.plist.strings; name = en; path = EditableFields.strings; sourceTree = "<group>"; };
		9DFC639E214F9CFC002FCB75 /* en */ = {isa = PBXFileReference; lastKnownFileType = text.plist.strings; name = en; path = ManifestPlist.strings; sourceTree = "<group>"; };
		9DFC63A3214F9CFC002FCB75 /* de */ = {isa = PBXFileReference; lastKnownFileType = text.plist.strings; name = de; path = Localizable.strings; sourceTree = "<group>"; };
		9DFC63A5214F9CFC002FCB75 /* de */ = {isa = PBXFileReference; lastKnownFileType = text.plist.strings; name = de; path = EditableFields.strings; sourceTree = "<group>"; };
		9DFC63A7214F9CFC002FCB75 /* de */ = {isa = PBXFileReference; lastKnownFileType = text.plist.strings; name = de; path = ManifestPlist.strings; sourceTree = "<group>"; };
/* End PBXFileReference section */

/* Begin PBXFrameworksBuildPhase section */
		2FEC8C5C21A1ACCF004C27B8 /* Frameworks */ = {
			isa = PBXFrameworksBuildPhase;
			buildActionMask = 2147483647;
			files = (
				2FEC8C6421A1ACCF004C27B8 /* libBook_Sources.a in Frameworks */,
			);
			runOnlyForDeploymentPostprocessing = 0;
		};
		5EA2E3BA2056F35A00416A35 /* Frameworks */ = {
			isa = PBXFrameworksBuildPhase;
			buildActionMask = 2147483647;
			files = (
				5EA2E3D42056F36800416A35 /* libBook_Sources.a in Frameworks */,
			);
			runOnlyForDeploymentPostprocessing = 0;
		};
		5EF2F9A82054BBF300191409 /* Frameworks */ = {
			isa = PBXFrameworksBuildPhase;
			buildActionMask = 2147483647;
			files = (
			);
			runOnlyForDeploymentPostprocessing = 0;
		};
/* End PBXFrameworksBuildPhase section */

/* Begin PBXGroup section */
		2F666BF82221496000533040 /* Bluetooth */ = {
			isa = PBXGroup;
			children = (
				2F666BFB22214B0F00533040 /* BluetoothConstants.swift */,
				2F288D9321E0230000713CB2 /* Extension_CBUUID.swift */,
				2F157B2121BBE96400E6EB68 /* CalliopeBLEDiscovery.swift */,
				2F666C0522217B1000533040 /* CalliopeBLEProfile.swift */,
				2F157B2521BC41A600E6EB68 /* CalliopeBLEDevice.swift */,
				2F666C012221786900533040 /* ProgrammableCalliopeBLEDevice.swift */,
				2F666C03222179BE00533040 /* ClientCalliopeBLEDevice.swift */,
			);
			path = Bluetooth;
			sourceTree = "<group>";
		};
		2F666BFD22216E3C00533040 /* PlaygroundPageInterface */ = {
			isa = PBXGroup;
			children = (
				2F09855C220711550075A5DB /* DataTypes.swift */,
				2F098560220718310075A5DB /* Runtime.swift */,
			);
			path = PlaygroundPageInterface;
			sourceTree = "<group>";
		};
		2F666C002221702300533040 /* DashboardView */ = {
			isa = PBXGroup;
			children = (
				8855BA4A20A06491009646CC /* DashBoardViewController.swift */,
				8855BA3E20A06490009646CC /* UIStackView_DashBoard.swift */,
				8855BA4620A06491009646CC /* UIView_DashBoardItem.swift */,
				8855BA4120A06490009646CC /* ViewController_Base.swift */,
			);
			path = DashboardView;
			sourceTree = "<group>";
		};
		2F9FAA7721FE44B00076B737 /* Frameworks */ = {
			isa = PBXGroup;
			children = (
			);
			name = Frameworks;
			sourceTree = "<group>";
		};
		2F9FAAB221FE47280076B737 /* GeneralUtilities */ = {
			isa = PBXGroup;
			children = (
				8855BA3920A06490009646CC /* Async.swift */,
				8855BA4420A06491009646CC /* Extension_Data.swift */,
				2FE507AF219D925B008686F4 /* ValueLocalizer.swift */,
				8855BA4F20A06491009646CC /* LogNotify.swift */,
				2F9FAAB321FE48080076B737 /* Macros.swift */,
				2F9FAAAD21FE46490076B737 /* Ext.swift */,
			);
			path = GeneralUtilities;
			sourceTree = "<group>";
		};
		2F9FAAB521FE497A0076B737 /* PlaygroundLiveViewCommunication */ = {
			isa = PBXGroup;
			children = (
				8855BA3B20A06490009646CC /* Encodings.swift */,
				2F5A21092205BE64005E9248 /* PlaygroundValueKeys.swift */,
				2F9FAACB21FF4CB40076B737 /* ApiCalls.swift */,
				2F666BF9222149BE00533040 /* ApiCallEncodings.swift */,
				2F1C9A9E220F3A8800E05DD1 /* TeachingApiImplementation.swift */,
				2F9FAAB621FE49A50076B737 /* ProgramBuildResult.swift */,
			);
			path = PlaygroundLiveViewCommunication;
			sourceTree = "<group>";
		};
		2F9FAAC421FE56B80076B737 /* PlaygroundPageUtilities */ = {
			isa = PBXGroup;
			children = (
				8855BA4E20A06491009646CC /* Extractor.swift */,
				8855BA4520A06491009646CC /* PlayGroundManager.swift */,
				2F666BFD22216E3C00533040 /* PlaygroundPageInterface */,
				8855BA6C20A064C4009646CC /* BookPrograms */,
			);
			path = PlaygroundPageUtilities;
			sourceTree = "<group>";
		};
		2F9FAAC521FE56F90076B737 /* LiveView */ = {
			isa = PBXGroup;
			children = (
				2F666C002221702300533040 /* DashboardView */,
				9DA7FD3A20A1B1140080A6FF /* ConnectionView */,
				8855BA8F20A064C4009646CC /* DashboardAnimation */,
				2F9FAAC721FE57660076B737 /* View */,
				2F9FAAC621FE574F0076B737 /* Auxiliary */,
			);
			path = LiveView;
			sourceTree = "<group>";
		};
		2F9FAAC621FE574F0076B737 /* Auxiliary */ = {
			isa = PBXGroup;
			children = (
				8855BA4320A06491009646CC /* DebugConstants.swift */,
				8855BA4020A06490009646CC /* Extension_CGRect.swift */,
				8855BA4920A06491009646CC /* Extension_NotificationCenter.swift */,
				8855BA4B20A06491009646CC /* Extension_String.swift */,
				8855BA3D20A06490009646CC /* Extension_UIColor.swift */,
				8855BA4D20A06491009646CC /* Extension_UILayoutPriority.swift */,
				2F666BFE22216F1E00533040 /* LayoutHelper.swift */,
			);
			path = Auxiliary;
			sourceTree = "<group>";
		};
		2F9FAAC721FE57660076B737 /* View */ = {
			isa = PBXGroup;
			children = (
				8855BA3C20A06490009646CC /* ActivityView.swift */,
				8855BA3A20A06490009646CC /* Matrix.swift */,
				8855BA3F20A06490009646CC /* Swoosh.swift */,
			);
			path = View;
			sourceTree = "<group>";
		};
		2FEC8C6021A1ACCF004C27B8 /* BookSourcesTests */ = {
			isa = PBXGroup;
			children = (
				2FEC8C6121A1ACCF004C27B8 /* BookSourcesTests.swift */,
				2FEC8C6321A1ACCF004C27B8 /* Info.plist */,
				2FEC8C6A21A1AD57004C27B8 /* ValueLocalizerTests.swift */,
				2F157B2321BBED9B00E6EB68 /* CalliopeBLEDiscoveryTest.swift */,
				2FF83D9421BDBC33007BC9D8 /* CalliopeBLEDeviceTest.swift */,
				2FEB5D9921EB641300FCBF7D /* NotificationTest.swift */,
				2FEB5D9B21EB79E900FCBF7D /* BluetoothApiTest.swift */,
				2F27131021FC8B80007A1584 /* DataExtensionTest.swift */,
			);
			path = BookSourcesTests;
			sourceTree = "<group>";
		};
		5E086DA4204F706E004D8D25 /* Products */ = {
			isa = PBXGroup;
			children = (
				5E086DC02051C5A7004D8D25 /* CalliopePlaybook.playgroundbook */,
				5EF2F9AB2054BBF300191409 /* libBook_Sources.a */,
				5EA2E3BD2056F35A00416A35 /* LiveViewTestApp.app */,
				2FEC8C5F21A1ACCF004C27B8 /* BookSourcesTests.xctest */,
			);
			name = Products;
			sourceTree = "<group>";
		};
		5E086DC12051C5A7004D8D25 /* PlaygroundBook */ = {
			isa = PBXGroup;
			children = (
				5E086DCF2051DF0F004D8D25 /* Manifest.plist */,
				5EF2F9A22054BB3E00191409 /* Sources */,
				5EF2F9792054B64800191409 /* PrivateResources */,
				5EF2F9B62054E6F900191409 /* Chapters */,
				5EF2F9A42054BB9500191409 /* Supporting Content */,
			);
			path = PlaygroundBook;
			sourceTree = "<group>";
		};
		5E0E3751206597E7008FA4BE /* Base */ = {
			isa = PBXGroup;
			children = (
				5E2A7AE6204F630600F4E17A /* BaseBuildSettings.xcconfig */,
			);
			path = Base;
			sourceTree = "<group>";
		};
		5E0E3753206599A0008FA4BE /* Overrides */ = {
			isa = PBXGroup;
			children = (
				5E086DC72051DD03004D8D25 /* BookOverridingBuildSettings.xcconfig */,
			);
			path = Overrides;
			sourceTree = "<group>";
		};
		5E1004BD208E7F6E00BCFE70 /* LICENSE */ = {
			isa = PBXGroup;
			children = (
				5E1004BE208E7F6E00BCFE70 /* LICENSE.txt */,
			);
			path = LICENSE;
			sourceTree = "<group>";
		};
		5E2A7ADC204F611300F4E17A = {
			isa = PBXGroup;
			children = (
				5E0E37542065A065008FA4BE /* README.md */,
				5E086DC12051C5A7004D8D25 /* PlaygroundBook */,
				5EA2E3BE2056F35A00416A35 /* LiveViewTestApp */,
				5E2A7AE3204F628B00F4E17A /* Config Files */,
				5E1004BD208E7F6E00BCFE70 /* LICENSE */,
				5EA2E3D52056F83400416A35 /* Supporting Content */,
				2FEC8C6021A1ACCF004C27B8 /* BookSourcesTests */,
				5E086DA4204F706E004D8D25 /* Products */,
				2F9FAA7721FE44B00076B737 /* Frameworks */,
			);
			sourceTree = "<group>";
		};
		5E2A7AE3204F628B00F4E17A /* Config Files */ = {
			isa = PBXGroup;
			children = (
				5E0E37522065981C008FA4BE /* BuildSettings.xcconfig */,
				5E0E3751206597E7008FA4BE /* Base */,
				5E0E3753206599A0008FA4BE /* Overrides */,
			);
			name = "Config Files";
			path = ConfigFiles;
			sourceTree = "<group>";
		};
		5EA2E3BE2056F35A00416A35 /* LiveViewTestApp */ = {
			isa = PBXGroup;
			children = (
				5EA2E3BF2056F35A00416A35 /* AppDelegate.swift */,
				5EA2E3C82056F35B00416A35 /* LiveViewTestAppLaunchScreen.storyboard */,
				5EA2E3CB2056F35B00416A35 /* Info.plist */,
			);
			path = LiveViewTestApp;
			sourceTree = "<group>";
		};
		5EA2E3D52056F83400416A35 /* Supporting Content */ = {
			isa = PBXGroup;
			children = (
				5EA2E3D62056F84000416A35 /* Playgrounds Frameworks */,
				5EBEC2EE205B395200975D3F /* Other Frameworks */,
			);
			name = "Supporting Content";
			sourceTree = "<group>";
		};
		5EA2E3D62056F84000416A35 /* Playgrounds Frameworks */ = {
			isa = PBXGroup;
			children = (
				5EA2E3D82056F88700416A35 /* PlaygroundBluetooth.framework */,
				5EA2E3D72056F88700416A35 /* PlaygroundSupport.framework */,
			);
			name = "Playgrounds Frameworks";
			sourceTree = "<group>";
		};
		5EBEC2EE205B395200975D3F /* Other Frameworks */ = {
			isa = PBXGroup;
			children = (
				5EBEC2EF205B396500975D3F /* LiveViewHost.framework */,
			);
			name = "Other Frameworks";
			sourceTree = "<group>";
		};
		5EF2F9792054B64800191409 /* PrivateResources */ = {
			isa = PBXGroup;
			children = (
				2FDC68DA21C5650D001163D3 /* MatrixConnectionViewController.xib */,
				9DFC63B9214F9DAA002FCB75 /* localizations */,
				2FDC68ED21C6C050001163D3 /* bg.png */,
				2FDC68EF21C6C0FD001163D3 /* icon.png */,
				2FDC68E821C6B426001163D3 /* Assets.xcassets */,
			);
			path = PrivateResources;
			sourceTree = "<group>";
		};
		5EF2F9A22054BB3E00191409 /* Sources */ = {
			isa = PBXGroup;
			children = (
				2F666BF82221496000533040 /* Bluetooth */,
				2F9FAAC521FE56F90076B737 /* LiveView */,
				2F9FAAB521FE497A0076B737 /* PlaygroundLiveViewCommunication */,
				2F9FAAB221FE47280076B737 /* GeneralUtilities */,
				2F9FAAC421FE56B80076B737 /* PlaygroundPageUtilities */,
			);
			path = Sources;
			sourceTree = "<group>";
		};
		5EF2F9A42054BB9500191409 /* Supporting Content */ = {
			isa = PBXGroup;
			children = (
				5EF2F9A52054BBB200191409 /* Sources */,
			);
			name = "Supporting Content";
			sourceTree = "<group>";
		};
		8855BA6C20A064C4009646CC /* BookPrograms */ = {
			isa = PBXGroup;
			children = (
				9D351EDB20A1CF9400EBFA84 /* Base */,
				9D351EDC20A1CFC900EBFA84 /* Raw */,
				9D351EDE20A1D76B00EBFA84 /* Chapter1 */,
				9D351EDF20A1D7A800EBFA84 /* Chapter2 */,
				9D351EE020A1DAB900EBFA84 /* Chapter3 */,
				9D351EDD20A1D10700EBFA84 /* Chapter4 */,
			);
			path = BookPrograms;
			sourceTree = "<group>";
		};
		8855BA8F20A064C4009646CC /* DashboardAnimation */ = {
			isa = PBXGroup;
			children = (
				8855BA9020A064C4009646CC /* Dashboard_BrightnessAnimation.swift */,
				8855BA9120A064C4009646CC /* Dashboard_ButtonAAnimation.swift */,
				8855BA9220A064C4009646CC /* Dashboard_ButtonBAnimation.swift */,
				8855BA9320A064C4009646CC /* Dashboard_DisplayAnimation.swift */,
				8855BA9420A064C4009646CC /* Dashboard_NoiseAnimation.swift */,
				8855BA9520A064C4009646CC /* Dashboard_PinAnimation.swift */,
				8855BA9620A064C4009646CC /* Dashboard_RGBAnimation.swift */,
				8855BA9720A064C4009646CC /* Dashboard_ShakeAnimation.swift */,
				8855BA9820A064C4009646CC /* Dashboard_SoundAnimation.swift */,
				8855BA9920A064C4009646CC /* Dashboard_ThermometerAnimation.swift */,
			);
			path = DashboardAnimation;
			sourceTree = "<group>";
		};
		9D351EDB20A1CF9400EBFA84 /* Base */ = {
			isa = PBXGroup;
			children = (
				8855BA8C20A064C4009646CC /* ProgramBuilder.swift */,
				8855BA8A20A064C4009646CC /* ProgramBaseInstructions.swift */,
				8855BA8920A064C4009646CC /* ProgramBase.swift */,
			);
			path = Base;
			sourceTree = "<group>";
		};
		9D351EDC20A1CFC900EBFA84 /* Raw */ = {
			isa = PBXGroup;
			children = (
				8855BA8B20A064C4009646CC /* ProgramBlink.swift */,
				8855BA8D20A064C4009646CC /* ProgramNotifyPing.swift */,
			);
			path = Raw;
			sourceTree = "<group>";
		};
		9D351EDD20A1D10700EBFA84 /* Chapter4 */ = {
			isa = PBXGroup;
			children = (
				8855BA8420A064C4009646CC /* BookProgramProjectDice.swift */,
				8855BA8620A064C4009646CC /* BookProgramProjectRockPaperScissors.swift */,
				8855BA8520A064C4009646CC /* BookProgramProjectPiano.swift */,
				8855BA8320A064C4009646CC /* BookProgramProjectClap.swift */,
				8855BA8720A064C4009646CC /* BookProgramProjectTheremin.swift */,
				8855BA8820A064C4009646CC /* BookProgramProjectThermometer.swift */,
			);
			path = Chapter4;
			sourceTree = "<group>";
		};
		9D351EDE20A1D76B00EBFA84 /* Chapter1 */ = {
			isa = PBXGroup;
			children = (
				8855BA8220A064C4009646CC /* BookProgramOutputString.swift */,
				8855BA7F20A064C4009646CC /* BookProgramOutputNumber.swift */,
				8855BA7E20A064C4009646CC /* BookProgramOutputImage.swift */,
				8855BA7D20A064C4009646CC /* BookProgramOutputGrid.swift */,
				8855BA8020A064C4009646CC /* BookProgramOutputRGB.swift */,
				8855BA8120A064C4009646CC /* BookProgramOutputSound.swift */,
				8855BA7C20A064C4009646CC /* BookProgramOutputCombination.swift */,
			);
			path = Chapter1;
			sourceTree = "<group>";
		};
		9D351EDF20A1D7A800EBFA84 /* Chapter2 */ = {
			isa = PBXGroup;
			children = (
				8855BA7620A064C4009646CC /* BookProgramInputButtonA.swift */,
				8855BA7820A064C4009646CC /* BookProgramInputButtonB.swift */,
				8855BA7720A064C4009646CC /* BookProgramInputButtonAB.swift */,
				8855BA7A20A064C4009646CC /* BookProgramInputPin.swift */,
				8855BA7B20A064C4009646CC /* BookProgramInputShake.swift */,
				8855BA7920A064C4009646CC /* BookProgramInputCombination.swift */,
			);
			path = Chapter2;
			sourceTree = "<group>";
		};
		9D351EE020A1DAB900EBFA84 /* Chapter3 */ = {
			isa = PBXGroup;
			children = (
				8855BA7420A064C4009646CC /* BookProgramCommandStart.swift */,
				8855BA7320A064C4009646CC /* BookProgramCommandSleep.swift */,
				8855BA6D20A064C4009646CC /* BookProgramCommandClear.swift */,
				8855BA7020A064C4009646CC /* BookProgramCommandForever.swift */,
				8855BA7520A064C4009646CC /* BookProgramCommandVariables.swift */,
				8855BA7120A064C4009646CC /* BookProgramCommandLoops.swift */,
				8855BA7220A064C4009646CC /* BookProgramCommandRandom.swift */,
				8855BA6F20A064C4009646CC /* BookProgramCommandConditionals.swift */,
				8855BA6E20A064C4009646CC /* BookProgramCommandCombination.swift */,
			);
			path = Chapter3;
			sourceTree = "<group>";
		};
		9DA7FD3A20A1B1140080A6FF /* ConnectionView */ = {
			isa = PBXGroup;
			children = (
				2FCB133C21C3E25F00500EC1 /* MatrixView.swift */,
				2FCB133921C3DC8300500EC1 /* MatrixConnectionViewController.swift */,
				2F44603E21CEA403002D15DF /* ConnectionButton.swift */,
				2F3874B521CFD07F0011A85A /* CollapseButton.swift */,
			);
			path = ConnectionView;
			sourceTree = "<group>";
		};
		9DFC6396214F9CFC002FCB75 /* en.lproj */ = {
			isa = PBXGroup;
			children = (
				9DFC6399214F9CFC002FCB75 /* Localizable.strings */,
				9DFC639B214F9CFC002FCB75 /* EditableFields.strings */,
				9DFC639D214F9CFC002FCB75 /* ManifestPlist.strings */,
			);
			path = en.lproj;
			sourceTree = "<group>";
		};
		9DFC639F214F9CFC002FCB75 /* de.lproj */ = {
			isa = PBXGroup;
			children = (
				9DFC63A2214F9CFC002FCB75 /* Localizable.strings */,
				9DFC63A4214F9CFC002FCB75 /* EditableFields.strings */,
				9DFC63A6214F9CFC002FCB75 /* ManifestPlist.strings */,
			);
			path = de.lproj;
			sourceTree = "<group>";
		};
		9DFC63B9214F9DAA002FCB75 /* localizations */ = {
			isa = PBXGroup;
			children = (
				9DFC639F214F9CFC002FCB75 /* de.lproj */,
				9DFC6396214F9CFC002FCB75 /* en.lproj */,
			);
			name = localizations;
			sourceTree = "<group>";
		};
/* End PBXGroup section */

/* Begin PBXNativeTarget section */
		2FEC8C5E21A1ACCF004C27B8 /* BookSourcesTests */ = {
			isa = PBXNativeTarget;
			buildConfigurationList = 2FEC8C6921A1ACCF004C27B8 /* Build configuration list for PBXNativeTarget "BookSourcesTests" */;
			buildPhases = (
				2FEC8C5B21A1ACCF004C27B8 /* Sources */,
				2FEC8C5C21A1ACCF004C27B8 /* Frameworks */,
				2FEC8C5D21A1ACCF004C27B8 /* Resources */,
			);
			buildRules = (
			);
			dependencies = (
				2FEC8C6621A1ACCF004C27B8 /* PBXTargetDependency */,
				2F8DC42C21A1AF3300C349D8 /* PBXTargetDependency */,
			);
			name = BookSourcesTests;
			productName = BookSourcesTests;
			productReference = 2FEC8C5F21A1ACCF004C27B8 /* BookSourcesTests.xctest */;
			productType = "com.apple.product-type.bundle.unit-test";
		};
		5E086DBF2051C5A7004D8D25 /* PlaygroundBook */ = {
			isa = PBXNativeTarget;
			buildConfigurationList = 5E086DC52051C5A7004D8D25 /* Build configuration list for PBXNativeTarget "PlaygroundBook" */;
			buildPhases = (
				5E086DD22051E35D004D8D25 /* Copy Book Contents */,
				5E086DC62051DB17004D8D25 /* Resources */,
			);
			buildRules = (
				5E086DD42051E415004D8D25 /* PBXBuildRule */,
			);
			dependencies = (
				5EF2F9B52054BDD100191409 /* PBXTargetDependency */,
			);
			name = PlaygroundBook;
			productName = PlaygroundBook;
			productReference = 5E086DC02051C5A7004D8D25 /* CalliopePlaybook.playgroundbook */;
			productType = "com.apple.product-type.bundle";
		};
		5EA2E3BC2056F35A00416A35 /* LiveViewTestApp */ = {
			isa = PBXNativeTarget;
			buildConfigurationList = 5EA2E3CE2056F35B00416A35 /* Build configuration list for PBXNativeTarget "LiveViewTestApp" */;
			buildPhases = (
				5EA2E3B92056F35A00416A35 /* Sources */,
				5EA2E3BA2056F35A00416A35 /* Frameworks */,
				5EA2E3BB2056F35A00416A35 /* Resources */,
				5EA2E3D92056F8BD00416A35 /* Embed Frameworks */,
				5EA2E3DD2056FB2900416A35 /* Embed Playground Book PublicResources & PrivateResources */,
			);
			buildRules = (
			);
			dependencies = (
				5EA2E3D02056F36100416A35 /* PBXTargetDependency */,
				5EA2E3D22056F36300416A35 /* PBXTargetDependency */,
			);
			name = LiveViewTestApp;
			productName = LiveViewTestApp;
			productReference = 5EA2E3BD2056F35A00416A35 /* LiveViewTestApp.app */;
			productType = "com.apple.product-type.application";
		};
		5EF2F9AA2054BBF300191409 /* Book_Sources */ = {
			isa = PBXNativeTarget;
			buildConfigurationList = 5EF2F9AF2054BBF300191409 /* Build configuration list for PBXNativeTarget "Book_Sources" */;
			buildPhases = (
				5EF2F9A72054BBF300191409 /* Sources */,
				5EF2F9A82054BBF300191409 /* Frameworks */,
			);
			buildRules = (
			);
			dependencies = (
			);
			name = Book_Sources;
			productName = Book_Sources;
			productReference = 5EF2F9AB2054BBF300191409 /* libBook_Sources.a */;
			productType = "com.apple.product-type.library.static";
		};
/* End PBXNativeTarget section */

/* Begin PBXProject section */
		5E2A7ADD204F611300F4E17A /* Project object */ = {
			isa = PBXProject;
			attributes = {
				LastSwiftUpdateCheck = 1010;
				LastUpgradeCheck = 0940;
				TargetAttributes = {
					2FEC8C5E21A1ACCF004C27B8 = {
						CreatedOnToolsVersion = 10.1;
						TestTargetID = 5EA2E3BC2056F35A00416A35;
					};
					5E086DBF2051C5A7004D8D25 = {
						CreatedOnToolsVersion = 9.3;
					};
					5EA2E3BC2056F35A00416A35 = {
						CreatedOnToolsVersion = 9.3;
						LastSwiftMigration = 1010;
					};
					5EF2F9AA2054BBF300191409 = {
						CreatedOnToolsVersion = 9.3;
						LastSwiftMigration = 1010;
					};
				};
			};
			buildConfigurationList = 5E2A7AE0204F611300F4E17A /* Build configuration list for PBXProject "PlaygroundBook" */;
			compatibilityVersion = "Xcode 9.3";
			developmentRegion = en;
			hasScannedForEncodings = 0;
			knownRegions = (
				en,
				Base,
				de,
			);
			mainGroup = 5E2A7ADC204F611300F4E17A;
			productRefGroup = 5E086DA4204F706E004D8D25 /* Products */;
			projectDirPath = "";
			projectRoot = "";
			targets = (
				5E086DBF2051C5A7004D8D25 /* PlaygroundBook */,
				5EF2F9AA2054BBF300191409 /* Book_Sources */,
				5EA2E3BC2056F35A00416A35 /* LiveViewTestApp */,
				2FEC8C5E21A1ACCF004C27B8 /* BookSourcesTests */,
			);
		};
/* End PBXProject section */

/* Begin PBXResourcesBuildPhase section */
		2FEC8C5D21A1ACCF004C27B8 /* Resources */ = {
			isa = PBXResourcesBuildPhase;
			buildActionMask = 2147483647;
			files = (
			);
			runOnlyForDeploymentPostprocessing = 0;
		};
		5E086DC62051DB17004D8D25 /* Resources */ = {
			isa = PBXResourcesBuildPhase;
			buildActionMask = 2147483647;
			files = (
				2FDC68EE21C6C050001163D3 /* bg.png in Resources */,
				9DFC63AA214F9CFC002FCB75 /* Localizable.strings in Resources */,
				9DFC63B4214F9CFC002FCB75 /* EditableFields.strings in Resources */,
				9DFC63AC214F9CFC002FCB75 /* EditableFields.strings in Resources */,
				9DFC63AE214F9CFC002FCB75 /* ManifestPlist.strings in Resources */,
				2FDC68F021C6C0FE001163D3 /* icon.png in Resources */,
				9DFC63B2214F9CFC002FCB75 /* Localizable.strings in Resources */,
				2FDC68D721C5650D001163D3 /* MatrixConnectionViewController.xib in Resources */,
				2FDC68E921C6B426001163D3 /* Assets.xcassets in Resources */,
				9DFC63B6214F9CFC002FCB75 /* ManifestPlist.strings in Resources */,
			);
			runOnlyForDeploymentPostprocessing = 0;
		};
		5EA2E3BB2056F35A00416A35 /* Resources */ = {
			isa = PBXResourcesBuildPhase;
			buildActionMask = 2147483647;
			files = (
				2FDC68F121C6EA64001163D3 /* bg.png in Resources */,
				9DFC63B7214F9CFC002FCB75 /* ManifestPlist.strings in Resources */,
				9DFC63AB214F9CFC002FCB75 /* Localizable.strings in Resources */,
				9DFC63B3214F9CFC002FCB75 /* Localizable.strings in Resources */,
				5EA2E3CA2056F35B00416A35 /* LiveViewTestAppLaunchScreen.storyboard in Resources */,
				9DFC63AD214F9CFC002FCB75 /* EditableFields.strings in Resources */,
				2FDC68F221C6EA66001163D3 /* icon.png in Resources */,
				2FDC68D821C5650D001163D3 /* MatrixConnectionViewController.xib in Resources */,
				9DFC63AF214F9CFC002FCB75 /* ManifestPlist.strings in Resources */,
				2FDC68EA21C6B436001163D3 /* Assets.xcassets in Resources */,
				9DFC63B5214F9CFC002FCB75 /* EditableFields.strings in Resources */,
			);
			runOnlyForDeploymentPostprocessing = 0;
		};
/* End PBXResourcesBuildPhase section */

/* Begin PBXShellScriptBuildPhase section */
		5EA2E3DD2056FB2900416A35 /* Embed Playground Book PublicResources & PrivateResources */ = {
			isa = PBXShellScriptBuildPhase;
			buildActionMask = 2147483647;
			files = (
			);
			inputPaths = (
				"$(BUILT_PRODUCTS_DIR)/PlaygroundBook.playgroundbook",
			);
			name = "Embed Playground Book PublicResources & PrivateResources";
			outputPaths = (
				"$(DERIVED_FILE_DIR)/embed-resources-marker",
			);
			runOnlyForDeploymentPostprocessing = 0;
			shellPath = /bin/sh;
			shellScript = "PLAYGROUND_BOOK_PATH=\"${BUILT_PRODUCTS_DIR}/${PLAYGROUND_BOOK_FILE_NAME}.playgroundbook\"\nPRIVATERESOURCES_FOLDER_PATH=\"${PLAYGROUND_BOOK_PATH}/Contents/PrivateResources\"\nPUBLICRESOURCES_FOLDER_PATH=\"${PLAYGROUND_BOOK_PATH}/Contents/PublicResources\"\n\nDESTINATION_FOLDER_PATH=\"${TARGET_BUILD_DIR}/${UNLOCALIZED_RESOURCES_FOLDER_PATH}\"\n\nif [[ -d \"${PRIVATERESOURCES_FOLDER_PATH}\" ]]; then\n    ditto \"${PRIVATERESOURCES_FOLDER_PATH}\" \"${DESTINATION_FOLDER_PATH}\"\nfi\n\nif [[ -d \"${PUBLICRESOURCES_FOLDER_PATH}\" ]]; then\n    ditto \"${PUBLICRESOURCES_FOLDER_PATH}\" \"${DESTINATION_FOLDER_PATH}\"\nfi\n\nmkdir -p \"${DERIVED_FILE_DIR}\"\ntouch \"${DERIVED_FILE_DIR}/embed-resources-marker\"\n";
		};
/* End PBXShellScriptBuildPhase section */

/* Begin PBXSourcesBuildPhase section */
		2FEC8C5B21A1ACCF004C27B8 /* Sources */ = {
			isa = PBXSourcesBuildPhase;
			buildActionMask = 2147483647;
			files = (
				2FEC8C6221A1ACCF004C27B8 /* BookSourcesTests.swift in Sources */,
				2FEB5D9C21EB79E900FCBF7D /* BluetoothApiTest.swift in Sources */,
				2FEC8C6B21A1AD57004C27B8 /* ValueLocalizerTests.swift in Sources */,
				2FF83D9521BDBC33007BC9D8 /* CalliopeBLEDeviceTest.swift in Sources */,
				2F157B2421BBED9B00E6EB68 /* CalliopeBLEDiscoveryTest.swift in Sources */,
				2FEB5D9A21EB641300FCBF7D /* NotificationTest.swift in Sources */,
				2F27131121FC8B80007A1584 /* DataExtensionTest.swift in Sources */,
			);
			runOnlyForDeploymentPostprocessing = 0;
		};
		5EA2E3B92056F35A00416A35 /* Sources */ = {
			isa = PBXSourcesBuildPhase;
			buildActionMask = 2147483647;
			files = (
				5EA2E3C02056F35A00416A35 /* AppDelegate.swift in Sources */,
			);
			runOnlyForDeploymentPostprocessing = 0;
		};
		5EF2F9A72054BBF300191409 /* Sources */ = {
			isa = PBXSourcesBuildPhase;
			buildActionMask = 2147483647;
			files = (
				2F09853622070FE00075A5DB /* Extractor.swift in Sources */,
				2F09855D220711550075A5DB /* DataTypes.swift in Sources */,
				2FDC68D521C463D8001163D3 /* MatrixConnectionViewController.swift in Sources */,
				2F9FAAB121FE471D0076B737 /* LogNotify.swift in Sources */,
				2F09854D220710330075A5DB /* BookProgramInputPin.swift in Sources */,
				2F098554220710370075A5DB /* BookProgramOutputRGB.swift in Sources */,
				2F9FAA3621FE43FE0076B737 /* DebugConstants.swift in Sources */,
				8855BAC520A064C4009646CC /* Dashboard_ThermometerAnimation.swift in Sources */,
				2F098544220710300075A5DB /* BookProgramCommandForever.swift in Sources */,
				2F3874B621CFD07F0011A85A /* CollapseButton.swift in Sources */,
				8855BAC220A064C4009646CC /* Dashboard_RGBAnimation.swift in Sources */,
				2F098548220710300075A5DB /* BookProgramCommandConditionals.swift in Sources */,
				2F9FAA3F21FE43FE0076B737 /* Swoosh.swift in Sources */,
				2F9FAA3A21FE43FE0076B737 /* Extension_String.swift in Sources */,
				2F9FAA3521FE43FE0076B737 /* Async.swift in Sources */,
				2F5A210A2205BE64005E9248 /* PlaygroundValueKeys.swift in Sources */,
				2F9FAA4321FE43FE0076B737 /* Extension_CBUUID.swift in Sources */,
				2F09853F2207102D0075A5DB /* BookProgramProjectTheremin.swift in Sources */,
				8855BABC20A064C4009646CC /* Dashboard_BrightnessAnimation.swift in Sources */,
				2F09854A220710330075A5DB /* BookProgramInputButtonA.swift in Sources */,
				2F9FAAB921FE4A430076B737 /* ValueLocalizer.swift in Sources */,
				2F09854F220710330075A5DB /* BookProgramInputCombination.swift in Sources */,
				2F9FAA4121FE43FE0076B737 /* UIView_DashBoardItem.swift in Sources */,
				2F9FAACC21FF4CB40076B737 /* ApiCalls.swift in Sources */,
				2F9FAA4021FE43FE0076B737 /* UIStackView_DashBoard.swift in Sources */,
				8855BAC120A064C4009646CC /* Dashboard_PinAnimation.swift in Sources */,
				2F098547220710300075A5DB /* BookProgramCommandRandom.swift in Sources */,
				2F098555220710370075A5DB /* BookProgramOutputSound.swift in Sources */,
				2F9FAAB721FE49A50076B737 /* ProgramBuildResult.swift in Sources */,
				2F098556220710370075A5DB /* BookProgramOutputCombination.swift in Sources */,
				2F0985402207102D0075A5DB /* BookProgramProjectThermometer.swift in Sources */,
				2F3874B421CFD0010011A85A /* ConnectionButton.swift in Sources */,
				8855BAC420A064C4009646CC /* Dashboard_SoundAnimation.swift in Sources */,
				2F666BFA222149BE00533040 /* ApiCallEncodings.swift in Sources */,
				8855BABE20A064C4009646CC /* Dashboard_ButtonBAnimation.swift in Sources */,
				2F0985572207103A0075A5DB /* ProgramBlink.swift in Sources */,
				2F098546220710300075A5DB /* BookProgramCommandLoops.swift in Sources */,
				2F9FAA3421FE43FE0076B737 /* ActivityView.swift in Sources */,
				2F098541220710300075A5DB /* BookProgramCommandStart.swift in Sources */,
				2F9FAAB021FE47190076B737 /* Ext.swift in Sources */,
				2F09853D2207102D0075A5DB /* BookProgramProjectPiano.swift in Sources */,
				2F09853B2207102D0075A5DB /* BookProgramProjectDice.swift in Sources */,
				8855BABF20A064C4009646CC /* Dashboard_DisplayAnimation.swift in Sources */,
				2F09854B220710330075A5DB /* BookProgramInputButtonB.swift in Sources */,
				2F666C0622217B1000533040 /* CalliopeBLEProfile.swift in Sources */,
				2F098553220710370075A5DB /* BookProgramOutputGrid.swift in Sources */,
				2F9FAA3921FE43FE0076B737 /* Extension_NotificationCenter.swift in Sources */,
				2F9FAA3821FE43FE0076B737 /* Extension_CGRect.swift in Sources */,
				2F157B2221BBE96400E6EB68 /* CalliopeBLEDiscovery.swift in Sources */,
				2F098542220710300075A5DB /* BookProgramCommandSleep.swift in Sources */,
				2F0985592207103D0075A5DB /* ProgramBuilder.swift in Sources */,
				2F9FAAAC21FE45900076B737 /* Extension_Data.swift in Sources */,
				2F09854C220710330075A5DB /* BookProgramInputButtonAB.swift in Sources */,
				2F09855A2207103D0075A5DB /* ProgramBaseInstructions.swift in Sources */,
				2F1C9A9F220F3A8800E05DD1 /* TeachingApiImplementation.swift in Sources */,
				2F9FAACA21FF49240076B737 /* Encodings.swift in Sources */,
				2F0985582207103A0075A5DB /* ProgramNotifyPing.swift in Sources */,
				2F098549220710300075A5DB /* BookProgramCommandCombination.swift in Sources */,
				2F9FAA4221FE43FE0076B737 /* ViewController_Base.swift in Sources */,
				8855BABD20A064C4009646CC /* Dashboard_ButtonAAnimation.swift in Sources */,
				2F9FAA3721FE43FE0076B737 /* DashBoardViewController.swift in Sources */,
				2F9FAA3E21FE43FE0076B737 /* Matrix.swift in Sources */,
				2F09854E220710330075A5DB /* BookProgramInputShake.swift in Sources */,
				2F9FAA3B21FE43FE0076B737 /* Extension_UIColor.swift in Sources */,
				2FCB133D21C3E25F00500EC1 /* MatrixView.swift in Sources */,
				2F098545220710300075A5DB /* BookProgramCommandVariables.swift in Sources */,
				2F098552220710370075A5DB /* BookProgramOutputImage.swift in Sources */,
				2F9FAAB421FE48080076B737 /* Macros.swift in Sources */,
				2F09853E2207102D0075A5DB /* BookProgramProjectClap.swift in Sources */,
				2F9FAA3C21FE43FE0076B737 /* Extension_UILayoutPriority.swift in Sources */,
				2F666C04222179BE00533040 /* ClientCalliopeBLEDevice.swift in Sources */,
				2F09855B2207103D0075A5DB /* ProgramBase.swift in Sources */,
				2F666BFC22214B0F00533040 /* BluetoothConstants.swift in Sources */,
				2F09853722070FE00075A5DB /* PlayGroundManager.swift in Sources */,
				2F157B2621BC41A600E6EB68 /* CalliopeBLEDevice.swift in Sources */,
				2F666C022221786900533040 /* ProgrammableCalliopeBLEDevice.swift in Sources */,
				2F098550220710370075A5DB /* BookProgramOutputString.swift in Sources */,
				2F098551220710370075A5DB /* BookProgramOutputNumber.swift in Sources */,
				2F098561220718310075A5DB /* Runtime.swift in Sources */,
				2F666BFF22216F1E00533040 /* LayoutHelper.swift in Sources */,
				8855BAC320A064C4009646CC /* Dashboard_ShakeAnimation.swift in Sources */,
				2F098543220710300075A5DB /* BookProgramCommandClear.swift in Sources */,
				2F09853C2207102D0075A5DB /* BookProgramProjectRockPaperScissors.swift in Sources */,
				8855BAC020A064C4009646CC /* Dashboard_NoiseAnimation.swift in Sources */,
			);
			runOnlyForDeploymentPostprocessing = 0;
		};
/* End PBXSourcesBuildPhase section */

/* Begin PBXTargetDependency section */
		2F8DC42C21A1AF3300C349D8 /* PBXTargetDependency */ = {
			isa = PBXTargetDependency;
			target = 5EA2E3BC2056F35A00416A35 /* LiveViewTestApp */;
			targetProxy = 2F8DC42B21A1AF3300C349D8 /* PBXContainerItemProxy */;
		};
		2FEC8C6621A1ACCF004C27B8 /* PBXTargetDependency */ = {
			isa = PBXTargetDependency;
			target = 5EF2F9AA2054BBF300191409 /* Book_Sources */;
			targetProxy = 2FEC8C6521A1ACCF004C27B8 /* PBXContainerItemProxy */;
		};
		5EA2E3D02056F36100416A35 /* PBXTargetDependency */ = {
			isa = PBXTargetDependency;
			target = 5E086DBF2051C5A7004D8D25 /* PlaygroundBook */;
			targetProxy = 5EA2E3CF2056F36100416A35 /* PBXContainerItemProxy */;
		};
		5EA2E3D22056F36300416A35 /* PBXTargetDependency */ = {
			isa = PBXTargetDependency;
			target = 5EF2F9AA2054BBF300191409 /* Book_Sources */;
			targetProxy = 5EA2E3D12056F36300416A35 /* PBXContainerItemProxy */;
		};
		5EF2F9B52054BDD100191409 /* PBXTargetDependency */ = {
			isa = PBXTargetDependency;
			target = 5EF2F9AA2054BBF300191409 /* Book_Sources */;
			targetProxy = 5EF2F9B42054BDD100191409 /* PBXContainerItemProxy */;
		};
/* End PBXTargetDependency section */

/* Begin PBXVariantGroup section */
		2FDC68DA21C5650D001163D3 /* MatrixConnectionViewController.xib */ = {
			isa = PBXVariantGroup;
			children = (
				2FDC68DC21C56513001163D3 /* de */,
				2FDC68DD21C56842001163D3 /* Base */,
				2FDC68DE21C5685C001163D3 /* en */,
			);
			name = MatrixConnectionViewController.xib;
			sourceTree = "<group>";
		};
		5EA2E3C82056F35B00416A35 /* LiveViewTestAppLaunchScreen.storyboard */ = {
			isa = PBXVariantGroup;
			children = (
				5EA2E3C92056F35B00416A35 /* Base */,
			);
			name = LiveViewTestAppLaunchScreen.storyboard;
			sourceTree = "<group>";
		};
		9DFC6399214F9CFC002FCB75 /* Localizable.strings */ = {
			isa = PBXVariantGroup;
			children = (
				9DFC639A214F9CFC002FCB75 /* en */,
			);
			name = Localizable.strings;
			sourceTree = "<group>";
		};
		9DFC639B214F9CFC002FCB75 /* EditableFields.strings */ = {
			isa = PBXVariantGroup;
			children = (
				9DFC639C214F9CFC002FCB75 /* en */,
			);
			name = EditableFields.strings;
			sourceTree = "<group>";
		};
		9DFC639D214F9CFC002FCB75 /* ManifestPlist.strings */ = {
			isa = PBXVariantGroup;
			children = (
				9DFC639E214F9CFC002FCB75 /* en */,
			);
			name = ManifestPlist.strings;
			sourceTree = "<group>";
		};
		9DFC63A2214F9CFC002FCB75 /* Localizable.strings */ = {
			isa = PBXVariantGroup;
			children = (
				9DFC63A3214F9CFC002FCB75 /* de */,
			);
			name = Localizable.strings;
			sourceTree = "<group>";
		};
		9DFC63A4214F9CFC002FCB75 /* EditableFields.strings */ = {
			isa = PBXVariantGroup;
			children = (
				9DFC63A5214F9CFC002FCB75 /* de */,
			);
			name = EditableFields.strings;
			sourceTree = "<group>";
		};
		9DFC63A6214F9CFC002FCB75 /* ManifestPlist.strings */ = {
			isa = PBXVariantGroup;
			children = (
				9DFC63A7214F9CFC002FCB75 /* de */,
			);
			name = ManifestPlist.strings;
			sourceTree = "<group>";
		};
/* End PBXVariantGroup section */

/* Begin XCBuildConfiguration section */
		2FEC8C6721A1ACCF004C27B8 /* Debug */ = {
			isa = XCBuildConfiguration;
			buildSettings = {
				CODE_SIGN_IDENTITY = "iPhone Developer";
				CODE_SIGN_STYLE = Automatic;
				DEVELOPMENT_TEAM = GKA87N33H4;
				GCC_DYNAMIC_NO_PIC = NO;
				INFOPLIST_FILE = BookSourcesTests/Info.plist;
				IPHONEOS_DEPLOYMENT_TARGET = 11.4;
				LD_RUNPATH_SEARCH_PATHS = (
					"$(inherited)",
					"@executable_path/Frameworks",
					"@loader_path/Frameworks",
				);
				MTL_ENABLE_DEBUG_INFO = INCLUDE_SOURCE;
				MTL_FAST_MATH = YES;
				PRODUCT_BUNDLE_IDENTIFIER = cc.calliope.BookSourcesTests;
				PRODUCT_NAME = "$(TARGET_NAME)";
				SWIFT_ACTIVE_COMPILATION_CONDITIONS = DEBUG;
				SWIFT_VERSION = 4.2;
				TARGETED_DEVICE_FAMILY = "1,2";
				TEST_HOST = "$(BUILT_PRODUCTS_DIR)/LiveViewTestApp.app/LiveViewTestApp";
			};
			name = Debug;
		};
		2FEC8C6821A1ACCF004C27B8 /* Release */ = {
			isa = XCBuildConfiguration;
			buildSettings = {
				CODE_SIGN_IDENTITY = "iPhone Developer";
				CODE_SIGN_STYLE = Automatic;
				DEVELOPMENT_TEAM = GKA87N33H4;
				INFOPLIST_FILE = BookSourcesTests/Info.plist;
				IPHONEOS_DEPLOYMENT_TARGET = 11.4;
				LD_RUNPATH_SEARCH_PATHS = (
					"$(inherited)",
					"@executable_path/Frameworks",
					"@loader_path/Frameworks",
				);
				MTL_FAST_MATH = YES;
				PRODUCT_BUNDLE_IDENTIFIER = cc.calliope.BookSourcesTests;
				PRODUCT_NAME = "$(TARGET_NAME)";
				SWIFT_VERSION = 4.2;
				TARGETED_DEVICE_FAMILY = "1,2";
				TEST_HOST = "$(BUILT_PRODUCTS_DIR)/LiveViewTestApp.app/LiveViewTestApp";
				VALIDATE_PRODUCT = YES;
			};
			name = Release;
		};
		5E086DC32051C5A7004D8D25 /* Debug */ = {
			isa = XCBuildConfiguration;
			baseConfigurationReference = 5E086DC72051DD03004D8D25 /* BookOverridingBuildSettings.xcconfig */;
			buildSettings = {
				CODE_SIGN_IDENTITY = "iPhone Developer";
				COMBINE_HIDPI_IMAGES = YES;
				CURRENT_PROJECT_VERSION = 1.0;
				DEVELOPMENT_TEAM = GKA87N33H4;
				GCC_DYNAMIC_NO_PIC = NO;
				INSTALL_PATH = /;
				PRODUCT_BUNDLE_IDENTIFIER = "$(PLAYGROUND_BOOK_CONTENT_IDENTIFIER)";
				PRODUCT_NAME = "$(PLAYGROUND_BOOK_FILE_NAME)";
				SKIP_INSTALL = NO;
				SWIFT_VERSION = 4.2;
			};
			name = Debug;
		};
		5E086DC42051C5A7004D8D25 /* Release */ = {
			isa = XCBuildConfiguration;
			baseConfigurationReference = 5E086DC72051DD03004D8D25 /* BookOverridingBuildSettings.xcconfig */;
			buildSettings = {
				COMBINE_HIDPI_IMAGES = YES;
				CURRENT_PROJECT_VERSION = 1.0;
				INSTALL_PATH = /;
				PRODUCT_BUNDLE_IDENTIFIER = "$(PLAYGROUND_BOOK_CONTENT_IDENTIFIER)";
				PRODUCT_NAME = "$(PLAYGROUND_BOOK_FILE_NAME)";
				SKIP_INSTALL = NO;
				SWIFT_VERSION = 4.2;
			};
			name = Release;
		};
		5E2A7AE1204F611300F4E17A /* Debug */ = {
			isa = XCBuildConfiguration;
			baseConfigurationReference = 5E0E37522065981C008FA4BE /* BuildSettings.xcconfig */;
			buildSettings = {
				ALWAYS_SEARCH_USER_PATHS = NO;
				CLANG_ANALYZER_LOCALIZABILITY_NONLOCALIZED = YES;
				CLANG_ANALYZER_NONNULL = YES;
				CLANG_ANALYZER_NUMBER_OBJECT_CONVERSION = YES_AGGRESSIVE;
				CLANG_CXX_LANGUAGE_STANDARD = "gnu++14";
				CLANG_CXX_LIBRARY = "libc++";
				CLANG_ENABLE_MODULES = YES;
				CLANG_ENABLE_OBJC_ARC = YES;
				CLANG_ENABLE_OBJC_WEAK = YES;
				CLANG_WARN_BLOCK_CAPTURE_AUTORELEASING = YES;
				CLANG_WARN_BOOL_CONVERSION = YES;
				CLANG_WARN_COMMA = YES;
				CLANG_WARN_CONSTANT_CONVERSION = YES;
				CLANG_WARN_DEPRECATED_OBJC_IMPLEMENTATIONS = YES;
				CLANG_WARN_DIRECT_OBJC_ISA_USAGE = YES_ERROR;
				CLANG_WARN_DOCUMENTATION_COMMENTS = YES;
				CLANG_WARN_EMPTY_BODY = YES;
				CLANG_WARN_ENUM_CONVERSION = YES;
				CLANG_WARN_INFINITE_RECURSION = YES;
				CLANG_WARN_INT_CONVERSION = YES;
				CLANG_WARN_NON_LITERAL_NULL_CONVERSION = YES;
				CLANG_WARN_OBJC_IMPLICIT_RETAIN_SELF = YES;
				CLANG_WARN_OBJC_LITERAL_CONVERSION = YES;
				CLANG_WARN_OBJC_ROOT_CLASS = YES_ERROR;
				CLANG_WARN_RANGE_LOOP_ANALYSIS = YES;
				CLANG_WARN_STRICT_PROTOTYPES = YES;
				CLANG_WARN_SUSPICIOUS_MOVE = YES;
				CLANG_WARN_UNGUARDED_AVAILABILITY = YES_AGGRESSIVE;
				CLANG_WARN_UNREACHABLE_CODE = YES;
				CLANG_WARN__DUPLICATE_METHOD_MATCH = YES;
				COPY_PHASE_STRIP = NO;
				DEBUG_INFORMATION_FORMAT = dwarf;
				ENABLE_STRICT_OBJC_MSGSEND = YES;
				ENABLE_TESTABILITY = YES;
				GCC_C_LANGUAGE_STANDARD = gnu11;
				GCC_NO_COMMON_BLOCKS = YES;
				GCC_OPTIMIZATION_LEVEL = 0;
				GCC_PREPROCESSOR_DEFINITIONS = (
					"DEBUG=1",
					"$(inherited)",
				);
				GCC_WARN_64_TO_32_BIT_CONVERSION = YES;
				GCC_WARN_ABOUT_RETURN_TYPE = YES_ERROR;
				GCC_WARN_UNDECLARED_SELECTOR = YES;
				GCC_WARN_UNINITIALIZED_AUTOS = YES_AGGRESSIVE;
				GCC_WARN_UNUSED_FUNCTION = YES;
				GCC_WARN_UNUSED_VARIABLE = YES;
				IPHONEOS_DEPLOYMENT_TARGET = 11.0;
				MTL_ENABLE_DEBUG_INFO = YES;
				ONLY_ACTIVE_ARCH = YES;
				SDKROOT = iphoneos;
				SWIFT_ACTIVE_COMPILATION_CONDITIONS = "$(inherited) DEBUG";
				SWIFT_OPTIMIZATION_LEVEL = "-Onone";
				SWIFT_VERSION = 4.0;
			};
			name = Debug;
		};
		5E2A7AE2204F611300F4E17A /* Release */ = {
			isa = XCBuildConfiguration;
			baseConfigurationReference = 5E0E37522065981C008FA4BE /* BuildSettings.xcconfig */;
			buildSettings = {
				ALWAYS_SEARCH_USER_PATHS = NO;
				CLANG_ANALYZER_LOCALIZABILITY_NONLOCALIZED = YES;
				CLANG_ANALYZER_NONNULL = YES;
				CLANG_ANALYZER_NUMBER_OBJECT_CONVERSION = YES_AGGRESSIVE;
				CLANG_CXX_LANGUAGE_STANDARD = "gnu++14";
				CLANG_CXX_LIBRARY = "libc++";
				CLANG_ENABLE_MODULES = YES;
				CLANG_ENABLE_OBJC_ARC = YES;
				CLANG_ENABLE_OBJC_WEAK = YES;
				CLANG_WARN_BLOCK_CAPTURE_AUTORELEASING = YES;
				CLANG_WARN_BOOL_CONVERSION = YES;
				CLANG_WARN_COMMA = YES;
				CLANG_WARN_CONSTANT_CONVERSION = YES;
				CLANG_WARN_DEPRECATED_OBJC_IMPLEMENTATIONS = YES;
				CLANG_WARN_DIRECT_OBJC_ISA_USAGE = YES_ERROR;
				CLANG_WARN_DOCUMENTATION_COMMENTS = YES;
				CLANG_WARN_EMPTY_BODY = YES;
				CLANG_WARN_ENUM_CONVERSION = YES;
				CLANG_WARN_INFINITE_RECURSION = YES;
				CLANG_WARN_INT_CONVERSION = YES;
				CLANG_WARN_NON_LITERAL_NULL_CONVERSION = YES;
				CLANG_WARN_OBJC_IMPLICIT_RETAIN_SELF = YES;
				CLANG_WARN_OBJC_LITERAL_CONVERSION = YES;
				CLANG_WARN_OBJC_ROOT_CLASS = YES_ERROR;
				CLANG_WARN_RANGE_LOOP_ANALYSIS = YES;
				CLANG_WARN_STRICT_PROTOTYPES = YES;
				CLANG_WARN_SUSPICIOUS_MOVE = YES;
				CLANG_WARN_UNGUARDED_AVAILABILITY = YES_AGGRESSIVE;
				CLANG_WARN_UNREACHABLE_CODE = YES;
				CLANG_WARN__DUPLICATE_METHOD_MATCH = YES;
				COPY_PHASE_STRIP = NO;
				DEBUG_INFORMATION_FORMAT = "dwarf-with-dsym";
				ENABLE_NS_ASSERTIONS = NO;
				ENABLE_STRICT_OBJC_MSGSEND = YES;
				GCC_C_LANGUAGE_STANDARD = gnu11;
				GCC_NO_COMMON_BLOCKS = YES;
				GCC_WARN_64_TO_32_BIT_CONVERSION = YES;
				GCC_WARN_ABOUT_RETURN_TYPE = YES_ERROR;
				GCC_WARN_UNDECLARED_SELECTOR = YES;
				GCC_WARN_UNINITIALIZED_AUTOS = YES_AGGRESSIVE;
				GCC_WARN_UNUSED_FUNCTION = YES;
				GCC_WARN_UNUSED_VARIABLE = YES;
				IPHONEOS_DEPLOYMENT_TARGET = 11.0;
				MTL_ENABLE_DEBUG_INFO = NO;
				SDKROOT = iphoneos;
				SWIFT_COMPILATION_MODE = wholemodule;
				SWIFT_OPTIMIZATION_LEVEL = "-O";
				SWIFT_VERSION = 4.0;
			};
			name = Release;
		};
		5EA2E3CC2056F35B00416A35 /* Debug */ = {
			isa = XCBuildConfiguration;
			buildSettings = {
				ALWAYS_EMBED_SWIFT_STANDARD_LIBRARIES = YES;
				CODE_SIGN_IDENTITY = "iPhone Developer";
				CODE_SIGN_STYLE = Automatic;
				DEVELOPMENT_TEAM = GKA87N33H4;
				GCC_DYNAMIC_NO_PIC = NO;
				INFOPLIST_FILE = LiveViewTestApp/Info.plist;
				LD_RUNPATH_SEARCH_PATHS = (
					"$(inherited)",
					"@executable_path/Frameworks",
				);
				OTHER_LDFLAGS = "-all_load";
				PRODUCT_BUNDLE_IDENTIFIER = com.example.LiveViewTestApp;
				PRODUCT_NAME = "$(TARGET_NAME)";
				SWIFT_ACTIVE_COMPILATION_CONDITIONS = DEBUG;
				SWIFT_VERSION = 4.2;
				SYSTEM_FRAMEWORK_SEARCH_PATHS = (
					"\"$(OTHER_FRAMEWORKS_DIR)\"",
					"$(inherited)",
				);
			};
			name = Debug;
		};
		5EA2E3CD2056F35B00416A35 /* Release */ = {
			isa = XCBuildConfiguration;
			buildSettings = {
				ALWAYS_EMBED_SWIFT_STANDARD_LIBRARIES = YES;
				CODE_SIGN_IDENTITY = "iPhone Developer";
				CODE_SIGN_STYLE = Automatic;
				DEVELOPMENT_TEAM = GKA87N33H4;
				INFOPLIST_FILE = LiveViewTestApp/Info.plist;
				LD_RUNPATH_SEARCH_PATHS = (
					"$(inherited)",
					"@executable_path/Frameworks",
				);
				OTHER_LDFLAGS = "-all_load";
				PRODUCT_BUNDLE_IDENTIFIER = com.example.LiveViewTestApp;
				PRODUCT_NAME = "$(TARGET_NAME)";
				SWIFT_VERSION = 4.2;
				SYSTEM_FRAMEWORK_SEARCH_PATHS = (
					"\"$(OTHER_FRAMEWORKS_DIR)\"",
					"$(inherited)",
				);
				VALIDATE_PRODUCT = YES;
			};
			name = Release;
		};
		5EF2F9B02054BBF300191409 /* Debug */ = {
			isa = XCBuildConfiguration;
			buildSettings = {
				CODE_SIGN_IDENTITY = "";
				CODE_SIGN_STYLE = Manual;
				GCC_DYNAMIC_NO_PIC = NO;
				OTHER_LDFLAGS = "-ObjC";
				PRODUCT_NAME = "$(TARGET_NAME)";
				SKIP_INSTALL = YES;
				SWIFT_OBJC_INTERFACE_HEADER_NAME = "";
				SWIFT_VERSION = 4.2;
			};
			name = Debug;
		};
		5EF2F9B12054BBF300191409 /* Release */ = {
			isa = XCBuildConfiguration;
			buildSettings = {
				CODE_SIGN_IDENTITY = "";
				CODE_SIGN_STYLE = Manual;
				OTHER_LDFLAGS = "-ObjC";
				PRODUCT_NAME = "$(TARGET_NAME)";
				SKIP_INSTALL = YES;
				SWIFT_OBJC_INTERFACE_HEADER_NAME = "";
				SWIFT_VERSION = 4.2;
				VALIDATE_PRODUCT = YES;
			};
			name = Release;
		};
/* End XCBuildConfiguration section */

/* Begin XCConfigurationList section */
		2FEC8C6921A1ACCF004C27B8 /* Build configuration list for PBXNativeTarget "BookSourcesTests" */ = {
			isa = XCConfigurationList;
			buildConfigurations = (
				2FEC8C6721A1ACCF004C27B8 /* Debug */,
				2FEC8C6821A1ACCF004C27B8 /* Release */,
			);
			defaultConfigurationIsVisible = 0;
			defaultConfigurationName = Release;
		};
		5E086DC52051C5A7004D8D25 /* Build configuration list for PBXNativeTarget "PlaygroundBook" */ = {
			isa = XCConfigurationList;
			buildConfigurations = (
				5E086DC32051C5A7004D8D25 /* Debug */,
				5E086DC42051C5A7004D8D25 /* Release */,
			);
			defaultConfigurationIsVisible = 0;
			defaultConfigurationName = Release;
		};
		5E2A7AE0204F611300F4E17A /* Build configuration list for PBXProject "PlaygroundBook" */ = {
			isa = XCConfigurationList;
			buildConfigurations = (
				5E2A7AE1204F611300F4E17A /* Debug */,
				5E2A7AE2204F611300F4E17A /* Release */,
			);
			defaultConfigurationIsVisible = 0;
			defaultConfigurationName = Release;
		};
		5EA2E3CE2056F35B00416A35 /* Build configuration list for PBXNativeTarget "LiveViewTestApp" */ = {
			isa = XCConfigurationList;
			buildConfigurations = (
				5EA2E3CC2056F35B00416A35 /* Debug */,
				5EA2E3CD2056F35B00416A35 /* Release */,
			);
			defaultConfigurationIsVisible = 0;
			defaultConfigurationName = Release;
		};
		5EF2F9AF2054BBF300191409 /* Build configuration list for PBXNativeTarget "Book_Sources" */ = {
			isa = XCConfigurationList;
			buildConfigurations = (
				5EF2F9B02054BBF300191409 /* Debug */,
				5EF2F9B12054BBF300191409 /* Release */,
			);
			defaultConfigurationIsVisible = 0;
			defaultConfigurationName = Release;
		};
/* End XCConfigurationList section */
	};
	rootObject = 5E2A7ADD204F611300F4E17A /* Project object */;
}
